
Microsoft Visual Studio Solution File, Format Version 12.00
# Visual Studio Version 17
VisualStudioVersion = 17.0.32112.339
MinimumVisualStudioVersion = 10.0.40219.1
Project("{9A19103F-16F7-4668-BE54-9A1E7A4F7556}") = "P01.MostReliablePath", "P01.MostReliablePath\P01.MostReliablePath.csproj", "{8D6FD703-1F01-4936-B1FD-47756D3CD054}"
EndProject
Project("{FAE04EC0-301F-11D3-BF4B-00C04F79EFBC}") = "P02.CheapTownTour", "P02.CheapTownTour\P02.CheapTownTour.csproj", "{167C015B-6E35-4B85-BFEB-555FE83C9A59}"
EndProject
Project("{FAE04EC0-301F-11D3-BF4B-00C04F79EFBC}") = "P03.Undefined", "P03.Undefined\P03.Undefined.csproj", "{2F712D01-30D2-4988-8D00-841AFDF85286}"
EndProject
Project("{FAE04EC0-301F-11D3-BF4B-00C04F79EFBC}") = "P04.BigTrip", "P04.BigTrip\P04.BigTrip.csproj", "{A9993CDD-F459-4445-B0FE-41F9204B2F87}"
EndProject
Project("{FAE04EC0-301F-11D3-BF4B-00C04F79EFBC}") = "P05.CableNetwork", "P05.CableNetwork\P05.CableNetwork.csproj", "{F04CA692-A48D-4992-A2A5-C86AF1223FE0}"
EndProject
Global
	GlobalSection(SolutionConfigurationPlatforms) = preSolution
		Debug|Any CPU = Debug|Any CPU
		Release|Any CPU = Release|Any CPU
	EndGlobalSection
	GlobalSection(ProjectConfigurationPlatforms) = postSolution
		{8D6FD703-1F01-4936-B1FD-47756D3CD054}.Debug|Any CPU.ActiveCfg = Debug|Any CPU
		{8D6FD703-1F01-4936-B1FD-47756D3CD054}.Debug|Any CPU.Build.0 = Debug|Any CPU
		{8D6FD703-1F01-4936-B1FD-47756D3CD054}.Release|Any CPU.ActiveCfg = Release|Any CPU
		{8D6FD703-1F01-4936-B1FD-47756D3CD054}.Release|Any CPU.Build.0 = Release|Any CPU
		{167C015B-6E35-4B85-BFEB-555FE83C9A59}.Debug|Any CPU.ActiveCfg = Debug|Any CPU
		{167C015B-6E35-4B85-BFEB-555FE83C9A59}.Debug|Any CPU.Build.0 = Debug|Any CPU
		{167C015B-6E35-4B85-BFEB-555FE83C9A59}.Release|Any CPU.ActiveCfg = Release|Any CPU
		{167C015B-6E35-4B85-BFEB-555FE83C9A59}.Release|Any CPU.Build.0 = Release|Any CPU
		{2F712D01-30D2-4988-8D00-841AFDF85286}.Debug|Any CPU.ActiveCfg = Debug|Any CPU
		{2F712D01-30D2-4988-8D00-841AFDF85286}.Debug|Any CPU.Build.0 = Debug|Any CPU
		{2F712D01-30D2-4988-8D00-841AFDF85286}.Release|Any CPU.ActiveCfg = Release|Any CPU
		{2F712D01-30D2-4988-8D00-841AFDF85286}.Release|Any CPU.Build.0 = Release|Any CPU
		{A9993CDD-F459-4445-B0FE-41F9204B2F87}.Debug|Any CPU.ActiveCfg = Debug|Any CPU
		{A9993CDD-F459-4445-B0FE-41F9204B2F87}.Debug|Any CPU.Build.0 = Debug|Any CPU
		{A9993CDD-F459-4445-B0FE-41F9204B2F87}.Release|Any CPU.ActiveCfg = Release|Any CPU
		{A9993CDD-F459-4445-B0FE-41F9204B2F87}.Release|Any CPU.Build.0 = Release|Any CPU
		{F04CA692-A48D-4992-A2A5-C86AF1223FE0}.Debug|Any CPU.ActiveCfg = Debug|Any CPU
		{F04CA692-A48D-4992-A2A5-C86AF1223FE0}.Debug|Any CPU.Build.0 = Debug|Any CPU
		{F04CA692-A48D-4992-A2A5-C86AF1223FE0}.Release|Any CPU.ActiveCfg = Release|Any CPU
		{F04CA692-A48D-4992-A2A5-C86AF1223FE0}.Release|Any CPU.Build.0 = Release|Any CPU
	EndGlobalSection
	GlobalSection(SolutionProperties) = preSolution
		HideSolutionNode = FALSE
	EndGlobalSection
	GlobalSection(ExtensibilityGlobals) = postSolution
		SolutionGuid = {FA8DD109-92E9-4D15-835E-82C7EB082786}
	EndGlobalSection
EndGlobal
