
Microsoft Visual Studio Solution File, Format Version 12.00
# Visual Studio Version 17
VisualStudioVersion = 17.2.32602.215
MinimumVisualStudioVersion = 10.0.40219.1
Project("{FAE04EC0-301F-11D3-BF4B-00C04F79EFBC}") = "JwtAuthentication", "JwtAuthentication\JwtAuthentication.csproj", "{E827D480-956E-4A7B-B3FD-2AA9A1E99EC2}"
EndProject
Global
	GlobalSection(SolutionConfigurationPlatforms) = preSolution
		Debug|Any CPU = Debug|Any CPU
		Release|Any CPU = Release|Any CPU
	EndGlobalSection
	GlobalSection(ProjectConfigurationPlatforms) = postSolution
		{E827D480-956E-4A7B-B3FD-2AA9A1E99EC2}.Debug|Any CPU.ActiveCfg = Debug|Any CPU
		{E827D480-956E-4A7B-B3FD-2AA9A1E99EC2}.Debug|Any CPU.Build.0 = Debug|Any CPU
		{E827D480-956E-4A7B-B3FD-2AA9A1E99EC2}.Release|Any CPU.ActiveCfg = Release|Any CPU
		{E827D480-956E-4A7B-B3FD-2AA9A1E99EC2}.Release|Any CPU.Build.0 = Release|Any CPU
	EndGlobalSection
	GlobalSection(SolutionProperties) = preSolution
		HideSolutionNode = FALSE
	EndGlobalSection
	GlobalSection(ExtensibilityGlobals) = postSolution
		SolutionGuid = {C801F919-9345-476E-A078-E2CEC8417B38}
	EndGlobalSection
EndGlobal
