
Microsoft Visual Studio Solution File, Format Version 12.00
# Visual Studio Version 16
VisualStudioVersion = 16.0.31321.278
MinimumVisualStudioVersion = 10.0.40219.1
Project("{9A19103F-16F7-4668-BE54-9A1E7A4F7556}") = "01.ActivationKeys", "ActivationKeys\01.ActivationKeys.csproj", "{8B1916DB-2F6B-4B77-987A-92439E50C493}"
EndProject
Project("{9A19103F-16F7-4668-BE54-9A1E7A4F7556}") = "02.EmojiDetector", "EmojiDetector\02.EmojiDetector.csproj", "{29D0965C-641A-4069-8045-DF99EF3F197C}"
EndProject
Project("{FAE04EC0-301F-11D3-BF4B-00C04F79EFBC}") = "Pirates", "Pirates\Pirates.csproj", "{63A19191-9BBE-43E0-9A32-84C392B1194A}"
EndProject
Global
	GlobalSection(SolutionConfigurationPlatforms) = preSolution
		Debug|Any CPU = Debug|Any CPU
		Release|Any CPU = Release|Any CPU
	EndGlobalSection
	GlobalSection(ProjectConfigurationPlatforms) = postSolution
		{8B1916DB-2F6B-4B77-987A-92439E50C493}.Debug|Any CPU.ActiveCfg = Debug|Any CPU
		{8B1916DB-2F6B-4B77-987A-92439E50C493}.Debug|Any CPU.Build.0 = Debug|Any CPU
		{8B1916DB-2F6B-4B77-987A-92439E50C493}.Release|Any CPU.ActiveCfg = Release|Any CPU
		{8B1916DB-2F6B-4B77-987A-92439E50C493}.Release|Any CPU.Build.0 = Release|Any CPU
		{29D0965C-641A-4069-8045-DF99EF3F197C}.Debug|Any CPU.ActiveCfg = Debug|Any CPU
		{29D0965C-641A-4069-8045-DF99EF3F197C}.Debug|Any CPU.Build.0 = Debug|Any CPU
		{29D0965C-641A-4069-8045-DF99EF3F197C}.Release|Any CPU.ActiveCfg = Release|Any CPU
		{29D0965C-641A-4069-8045-DF99EF3F197C}.Release|Any CPU.Build.0 = Release|Any CPU
		{63A19191-9BBE-43E0-9A32-84C392B1194A}.Debug|Any CPU.ActiveCfg = Debug|Any CPU
		{63A19191-9BBE-43E0-9A32-84C392B1194A}.Debug|Any CPU.Build.0 = Debug|Any CPU
		{63A19191-9BBE-43E0-9A32-84C392B1194A}.Release|Any CPU.ActiveCfg = Release|Any CPU
		{63A19191-9BBE-43E0-9A32-84C392B1194A}.Release|Any CPU.Build.0 = Release|Any CPU
	EndGlobalSection
	GlobalSection(SolutionProperties) = preSolution
		HideSolutionNode = FALSE
	EndGlobalSection
	GlobalSection(ExtensibilityGlobals) = postSolution
		SolutionGuid = {72A4AE9A-ECC4-434D-B3C5-1F06BFB3779A}
	EndGlobalSection
EndGlobal
