
Microsoft Visual Studio Solution File, Format Version 12.00
# Visual Studio Version 16
VisualStudioVersion = 16.0.31321.278
MinimumVisualStudioVersion = 10.0.40219.1
Project("{9A19103F-16F7-4668-BE54-9A1E7A4F7556}") = "Lab", "Lab\Lab.csproj", "{71EE144E-0D54-4BAA-95F6-8A237813429C}"
EndProject
Project("{9A19103F-16F7-4668-BE54-9A1E7A4F7556}") = "OddLines", "OddLines\OddLines.csproj", "{D692FC90-964B-41E6-9EE6-CA85A3432B69}"
EndProject
Project("{9A19103F-16F7-4668-BE54-9A1E7A4F7556}") = "LineNumbers", "LineNumbers\LineNumbers.csproj", "{386D240B-20F9-46A6-8D03-E11D992C4F0F}"
EndProject
Project("{9A19103F-16F7-4668-BE54-9A1E7A4F7556}") = "CalculateFolderSize", "CalculateFolderSize\CalculateFolderSize.csproj", "{0F342EA1-FDD5-4B14-9943-7D6F61E8340D}"
EndProject
Project("{9A19103F-16F7-4668-BE54-9A1E7A4F7556}") = "EvenLines", "EvenLines\EvenLines.csproj", "{27581A19-B478-4A5D-9E28-8086B01A6404}"
EndProject
Project("{9A19103F-16F7-4668-BE54-9A1E7A4F7556}") = "LineNumbers2", "LineNumbers2\LineNumbers2.csproj", "{8E2CE908-A5B1-4C97-964C-8CCF8850A7C3}"
EndProject
Project("{9A19103F-16F7-4668-BE54-9A1E7A4F7556}") = "WordCount", "WordCount\WordCount.csproj", "{47D1A09C-491F-4C2B-AB8B-7735025D04EE}"
EndProject
Project("{9A19103F-16F7-4668-BE54-9A1E7A4F7556}") = "CopyBinaryFile", "CopyBinaryFile\CopyBinaryFile.csproj", "{0171C557-9A11-42CF-ABA7-E2414F4919AB}"
EndProject
Project("{9A19103F-16F7-4668-BE54-9A1E7A4F7556}") = "DirectoryTraversal", "DirectoryTraversal\DirectoryTraversal.csproj", "{37EDB169-3149-4838-8455-4962F8AC0D24}"
EndProject
Project("{9A19103F-16F7-4668-BE54-9A1E7A4F7556}") = "ZipAndExtract", "ZipAndExtract\ZipAndExtract.csproj", "{589855EB-3CD7-4651-AA8C-9CBA4BA7BECA}"
EndProject
Project("{9A19103F-16F7-4668-BE54-9A1E7A4F7556}") = "test", "test\test.csproj", "{D3678A89-4D5F-46F5-81C2-341D6991CA5F}"
EndProject
Project("{FAE04EC0-301F-11D3-BF4B-00C04F79EFBC}") = "test2", "test2\test2.csproj", "{E4CAA190-28BA-4249-80BD-E796E0436671}"
EndProject
Global
	GlobalSection(SolutionConfigurationPlatforms) = preSolution
		Debug|Any CPU = Debug|Any CPU
		Release|Any CPU = Release|Any CPU
	EndGlobalSection
	GlobalSection(ProjectConfigurationPlatforms) = postSolution
		{71EE144E-0D54-4BAA-95F6-8A237813429C}.Debug|Any CPU.ActiveCfg = Debug|Any CPU
		{71EE144E-0D54-4BAA-95F6-8A237813429C}.Debug|Any CPU.Build.0 = Debug|Any CPU
		{71EE144E-0D54-4BAA-95F6-8A237813429C}.Release|Any CPU.ActiveCfg = Release|Any CPU
		{71EE144E-0D54-4BAA-95F6-8A237813429C}.Release|Any CPU.Build.0 = Release|Any CPU
		{D692FC90-964B-41E6-9EE6-CA85A3432B69}.Debug|Any CPU.ActiveCfg = Debug|Any CPU
		{D692FC90-964B-41E6-9EE6-CA85A3432B69}.Debug|Any CPU.Build.0 = Debug|Any CPU
		{D692FC90-964B-41E6-9EE6-CA85A3432B69}.Release|Any CPU.ActiveCfg = Release|Any CPU
		{D692FC90-964B-41E6-9EE6-CA85A3432B69}.Release|Any CPU.Build.0 = Release|Any CPU
		{386D240B-20F9-46A6-8D03-E11D992C4F0F}.Debug|Any CPU.ActiveCfg = Debug|Any CPU
		{386D240B-20F9-46A6-8D03-E11D992C4F0F}.Debug|Any CPU.Build.0 = Debug|Any CPU
		{386D240B-20F9-46A6-8D03-E11D992C4F0F}.Release|Any CPU.ActiveCfg = Release|Any CPU
		{386D240B-20F9-46A6-8D03-E11D992C4F0F}.Release|Any CPU.Build.0 = Release|Any CPU
		{0F342EA1-FDD5-4B14-9943-7D6F61E8340D}.Debug|Any CPU.ActiveCfg = Debug|Any CPU
		{0F342EA1-FDD5-4B14-9943-7D6F61E8340D}.Debug|Any CPU.Build.0 = Debug|Any CPU
		{0F342EA1-FDD5-4B14-9943-7D6F61E8340D}.Release|Any CPU.ActiveCfg = Release|Any CPU
		{0F342EA1-FDD5-4B14-9943-7D6F61E8340D}.Release|Any CPU.Build.0 = Release|Any CPU
		{27581A19-B478-4A5D-9E28-8086B01A6404}.Debug|Any CPU.ActiveCfg = Debug|Any CPU
		{27581A19-B478-4A5D-9E28-8086B01A6404}.Debug|Any CPU.Build.0 = Debug|Any CPU
		{27581A19-B478-4A5D-9E28-8086B01A6404}.Release|Any CPU.ActiveCfg = Release|Any CPU
		{27581A19-B478-4A5D-9E28-8086B01A6404}.Release|Any CPU.Build.0 = Release|Any CPU
		{8E2CE908-A5B1-4C97-964C-8CCF8850A7C3}.Debug|Any CPU.ActiveCfg = Debug|Any CPU
		{8E2CE908-A5B1-4C97-964C-8CCF8850A7C3}.Debug|Any CPU.Build.0 = Debug|Any CPU
		{8E2CE908-A5B1-4C97-964C-8CCF8850A7C3}.Release|Any CPU.ActiveCfg = Release|Any CPU
		{8E2CE908-A5B1-4C97-964C-8CCF8850A7C3}.Release|Any CPU.Build.0 = Release|Any CPU
		{47D1A09C-491F-4C2B-AB8B-7735025D04EE}.Debug|Any CPU.ActiveCfg = Debug|Any CPU
		{47D1A09C-491F-4C2B-AB8B-7735025D04EE}.Debug|Any CPU.Build.0 = Debug|Any CPU
		{47D1A09C-491F-4C2B-AB8B-7735025D04EE}.Release|Any CPU.ActiveCfg = Release|Any CPU
		{47D1A09C-491F-4C2B-AB8B-7735025D04EE}.Release|Any CPU.Build.0 = Release|Any CPU
		{0171C557-9A11-42CF-ABA7-E2414F4919AB}.Debug|Any CPU.ActiveCfg = Debug|Any CPU
		{0171C557-9A11-42CF-ABA7-E2414F4919AB}.Debug|Any CPU.Build.0 = Debug|Any CPU
		{0171C557-9A11-42CF-ABA7-E2414F4919AB}.Release|Any CPU.ActiveCfg = Release|Any CPU
		{0171C557-9A11-42CF-ABA7-E2414F4919AB}.Release|Any CPU.Build.0 = Release|Any CPU
		{37EDB169-3149-4838-8455-4962F8AC0D24}.Debug|Any CPU.ActiveCfg = Debug|Any CPU
		{37EDB169-3149-4838-8455-4962F8AC0D24}.Debug|Any CPU.Build.0 = Debug|Any CPU
		{37EDB169-3149-4838-8455-4962F8AC0D24}.Release|Any CPU.ActiveCfg = Release|Any CPU
		{37EDB169-3149-4838-8455-4962F8AC0D24}.Release|Any CPU.Build.0 = Release|Any CPU
		{589855EB-3CD7-4651-AA8C-9CBA4BA7BECA}.Debug|Any CPU.ActiveCfg = Debug|Any CPU
		{589855EB-3CD7-4651-AA8C-9CBA4BA7BECA}.Debug|Any CPU.Build.0 = Debug|Any CPU
		{589855EB-3CD7-4651-AA8C-9CBA4BA7BECA}.Release|Any CPU.ActiveCfg = Release|Any CPU
		{589855EB-3CD7-4651-AA8C-9CBA4BA7BECA}.Release|Any CPU.Build.0 = Release|Any CPU
		{D3678A89-4D5F-46F5-81C2-341D6991CA5F}.Debug|Any CPU.ActiveCfg = Debug|Any CPU
		{D3678A89-4D5F-46F5-81C2-341D6991CA5F}.Debug|Any CPU.Build.0 = Debug|Any CPU
		{D3678A89-4D5F-46F5-81C2-341D6991CA5F}.Release|Any CPU.ActiveCfg = Release|Any CPU
		{D3678A89-4D5F-46F5-81C2-341D6991CA5F}.Release|Any CPU.Build.0 = Release|Any CPU
		{E4CAA190-28BA-4249-80BD-E796E0436671}.Debug|Any CPU.ActiveCfg = Debug|Any CPU
		{E4CAA190-28BA-4249-80BD-E796E0436671}.Debug|Any CPU.Build.0 = Debug|Any CPU
		{E4CAA190-28BA-4249-80BD-E796E0436671}.Release|Any CPU.ActiveCfg = Release|Any CPU
		{E4CAA190-28BA-4249-80BD-E796E0436671}.Release|Any CPU.Build.0 = Release|Any CPU
	EndGlobalSection
	GlobalSection(SolutionProperties) = preSolution
		HideSolutionNode = FALSE
	EndGlobalSection
	GlobalSection(ExtensibilityGlobals) = postSolution
		SolutionGuid = {A6810992-2F0C-454B-BBD1-90DE83A529B7}
	EndGlobalSection
EndGlobal
