
Microsoft Visual Studio Solution File, Format Version 12.00
# Visual Studio Version 16
VisualStudioVersion = 16.0.31321.278
MinimumVisualStudioVersion = 10.0.40219.1
Project("{FAE04EC0-301F-11D3-BF4B-00C04F79EFBC}") = "01.Centuries to minutes", "Centuries to minutes\01.Centuries to minutes.csproj", "{C1AAB479-C1B5-4EC3-93EB-C2C9957B34C5}"
EndProject
Project("{FAE04EC0-301F-11D3-BF4B-00C04F79EFBC}") = "02.Integers", "Integers\02.Integers.csproj", "{2E4FFEE1-73B6-41C5-98C8-FF756F66E870}"
EndProject
Project("{FAE04EC0-301F-11D3-BF4B-00C04F79EFBC}") = "03.Hexadecimal variable", "Hexadecimal variable\03.Hexadecimal variable.csproj", "{F81A8030-C0A1-4B82-B5E7-5B33FFB1FD65}"
EndProject
Project("{FAE04EC0-301F-11D3-BF4B-00C04F79EFBC}") = "04.Exchange of values ​​of variables", "Exchange of values ​​of variables\04.Exchange of values ​​of variables.csproj", "{E8547801-FD02-440B-9B8B-74B04125ACF7}"
EndProject
Project("{FAE04EC0-301F-11D3-BF4B-00C04F79EFBC}") = "05.Decimal to hexadecimal and binary", "Decimal to hexadecimal and binary\05.Decimal to hexadecimal and binary.csproj", "{5ED55344-7B9B-460F-9FAD-6C6D90BC15AB}"
EndProject
Project("{FAE04EC0-301F-11D3-BF4B-00C04F79EFBC}") = "06.Divide integers", "Divide integers\06.Divide integers.csproj", "{6B2D7A96-5EF5-4A78-B81D-101717421A55}"
EndProject
Project("{2150E333-8FDC-42A3-9474-1A3956D46DE8}") = "Integers", "Integers", "{388E871D-6267-4852-875B-4AEF2306B8FE}"
EndProject
Project("{2150E333-8FDC-42A3-9474-1A3956D46DE8}") = "Floating-point", "Floating-point", "{F323C249-3521-4222-9C93-6695BEC06E9E}"
EndProject
Project("{FAE04EC0-301F-11D3-BF4B-00C04F79EFBC}") = "01.Floating-point Numbers", "Floating-point Numbers\01.Floating-point Numbers.csproj", "{D3420E8D-3DA4-4EC4-BDD3-9EBAAAE16D20}"
EndProject
Project("{FAE04EC0-301F-11D3-BF4B-00C04F79EFBC}") = "02.CircleArea", "CircleArea\02.CircleArea.csproj", "{304A528F-03ED-454B-BFA4-27824F84291D}"
EndProject
Project("{FAE04EC0-301F-11D3-BF4B-00C04F79EFBC}") = "03.Sum of Floating-point Numbers", "Sum of Floating-point Numbers\03.Sum of Floating-point Numbers.csproj", "{B2A5CB44-4B4A-433A-8C6F-D4FC339F4763}"
EndProject
Project("{FAE04EC0-301F-11D3-BF4B-00C04F79EFBC}") = "04.Rectangle", "Rectangle\04.Rectangle.csproj", "{AD4B6AEE-BCE4-4AED-90CD-34E9E7BAC1B2}"
EndProject
Project("{FAE04EC0-301F-11D3-BF4B-00C04F79EFBC}") = "05.Speed ​​Conversion", "Speed ​​conversion\05.Speed ​​Conversion.csproj", "{F91FE2BB-B3CE-4630-A631-1595B83DEFAA}"
EndProject
Project("{2150E333-8FDC-42A3-9474-1A3956D46DE8}") = "Type Conversion", "Type Conversion", "{74B6A64C-ADAE-4E6A-A88D-2BE366F726E4}"
EndProject
Project("{FAE04EC0-301F-11D3-BF4B-00C04F79EFBC}") = "01.Elevator", "Elevator\01.Elevator.csproj", "{B6DD7590-836B-414C-9206-6220C62ACD20}"
EndProject
Project("{FAE04EC0-301F-11D3-BF4B-00C04F79EFBC}") = "02.Special Numbers", "Special numbers\02.Special Numbers.csproj", "{306A7844-A1FE-4F6A-A53E-DA0D99BDBE83}"
EndProject
Project("{FAE04EC0-301F-11D3-BF4B-00C04F79EFBC}") = "03.Boolean", "Boolean\03.Boolean.csproj", "{258E0CC6-656A-4807-A731-F252DC2811C3}"
EndProject
Project("{FAE04EC0-301F-11D3-BF4B-00C04F79EFBC}") = "Triplets of Latin letters", "Triplets of Latin letters\Triplets of Latin letters.csproj", "{63B38614-B1F3-4B68-823C-3154D53E9FE5}"
EndProject
Project("{2150E333-8FDC-42A3-9474-1A3956D46DE8}") = "Strings and Objects", "Strings and Objects", "{507206A3-B3F0-41DD-983D-B0F38AEA21CC}"
EndProject
Project("{FAE04EC0-301F-11D3-BF4B-00C04F79EFBC}") = "01.Greetings", "Greetings\01.Greetings.csproj", "{74885826-74E1-4EE5-9794-3D9B49E35487}"
EndProject
Project("{FAE04EC0-301F-11D3-BF4B-00C04F79EFBC}") = "02.Strings and Characters", "Strings and Characters\02.Strings and Characters.csproj", "{7B2CD3AB-3ECF-49F7-BDE6-08D3F09533FE}"
EndProject
Project("{FAE04EC0-301F-11D3-BF4B-00C04F79EFBC}") = "03.Strings and objects", "Strings and objects\03.Strings and objects.csproj", "{C2E2137A-1C91-4F6F-A39B-7DC3BB9EE18A}"
EndProject
Project("{FAE04EC0-301F-11D3-BF4B-00C04F79EFBC}") = "04.Inversion of Signs", "Inversion of Signs\04.Inversion of Signs.csproj", "{4B13AC0A-78F3-4C7E-83EA-22667C57BD32}"
EndProject
Project("{FAE04EC0-301F-11D3-BF4B-00C04F79EFBC}") = "05.Employee Details", "Employee Details\05.Employee Details.csproj", "{BD7AFCFD-0019-4FB4-A6BD-D2170301EA3E}"
EndProject
Project("{FAE04EC0-301F-11D3-BF4B-00C04F79EFBC}") = "06.Pyramid Volume", "Pyramid Volume\06.Pyramid Volume.csproj", "{C448B706-4393-4E5B-946A-46B83ED43545}"
EndProject
Project("{2150E333-8FDC-42A3-9474-1A3956D46DE8}") = "Exam", "Exam", "{6430AF43-96B1-4027-B5AE-A7415048FB24}"
EndProject
Project("{FAE04EC0-301F-11D3-BF4B-00C04F79EFBC}") = "01.Type limits", "01.Type limits\01.Type limits.csproj", "{B6A3D269-642B-4AB8-B2E7-5D45F5C004ED}"
EndProject
Project("{FAE04EC0-301F-11D3-BF4B-00C04F79EFBC}") = "02.Check the number", "02.Check the number\02.Check the number.csproj", "{ECAD81E3-7EC0-4D85-8002-FDAA0C3F4940}"
EndProject
Project("{FAE04EC0-301F-11D3-BF4B-00C04F79EFBC}") = "03.Overflow of water", "03.Overflow of water\03.Overflow of water.csproj", "{EF88BF1E-8B63-4E20-940A-938CD062244D}"
EndProject
Project("{FAE04EC0-301F-11D3-BF4B-00C04F79EFBC}") = "04.Tourist Information", "04.Tourist Information\04.Tourist Information.csproj", "{5E4504DD-5540-4430-9A5C-349C078C9408}"
EndProject
Project("{FAE04EC0-301F-11D3-BF4B-00C04F79EFBC}") = "05.Weather Forecast", "05.Weather Forecast\05.Weather Forecast.csproj", "{E90E95CA-6950-49EB-814A-002173F80320}"
EndProject
Project("{FAE04EC0-301F-11D3-BF4B-00C04F79EFBC}") = "06.Hold the Thief", "06.Hold the Thief\06.Hold the Thief.csproj", "{9D03E8CC-A3F0-4360-8C06-AA692E348692}"
EndProject
Project("{FAE04EC0-301F-11D3-BF4B-00C04F79EFBC}") = "07.Condemn the Thief", "07.Condemn the Thief\07.Condemn the Thief.csproj", "{AE2E9F18-B822-4D96-A118-18C1EE665F53}"
EndProject
Project("{FAE04EC0-301F-11D3-BF4B-00C04F79EFBC}") = "08.Builder", "08.Builder\08.Builder.csproj", "{602863E1-4951-4190-A4E8-0783A499D3E4}"
EndProject
Project("{FAE04EC0-301F-11D3-BF4B-00C04F79EFBC}") = "09.Create a Word", "09.Create a Word\09.Create a Word.csproj", "{9C4B14EB-6EBF-4671-AFDE-2A3D71F3C8C5}"
EndProject
Project("{FAE04EC0-301F-11D3-BF4B-00C04F79EFBC}") = "10.Sum of Signs", "10.Sum of Signs\10.Sum of Signs.csproj", "{5ABC5B22-6247-4B5F-A303-1FD88E057694}"
EndProject
Project("{FAE04EC0-301F-11D3-BF4B-00C04F79EFBC}") = "11.Stitching Strings", "11.Stitching Strings\11.Stitching Strings.csproj", "{99BA1B23-2594-48D6-9B48-871FF45C417A}"
EndProject
Project("{FAE04EC0-301F-11D3-BF4B-00C04F79EFBC}") = "12.Carts", "12.Carts\12.Carts.csproj", "{EF934A90-B533-41AF-85E2-19CCD2EDCE7A}"
EndProject
Project("{FAE04EC0-301F-11D3-BF4B-00C04F79EFBC}") = "13.DecryptTheMessage", "13.DecryptTheMessage\13.DecryptTheMessage.csproj", "{0FBFF97C-60BC-4E38-9095-09A601CAC9C3}"
EndProject
Project("{FAE04EC0-301F-11D3-BF4B-00C04F79EFBC}") = "14.BoatSimulator", "14.BoatSimulator\14.BoatSimulator.csproj", "{0D5CD71D-FABF-4B8C-A112-B40759194F26}"
EndProject
Project("{FAE04EC0-301F-11D3-BF4B-00C04F79EFBC}") = "15.CenturiesToNanoseconds", "15.CenturiesToNanoseconds\15.CenturiesToNanoseconds.csproj", "{684741E0-5924-4651-A1AC-0865C0034F1F}"
EndProject
Project("{FAE04EC0-301F-11D3-BF4B-00C04F79EFBC}") = "16.VowelOrDigit", "16.VowelOrDigit\16.VowelOrDigit.csproj", "{8D28B2E9-3C6F-4CB0-AA8F-A292164550C1}"
EndProject
Project("{FAE04EC0-301F-11D3-BF4B-00C04F79EFBC}") = "17.PrimeNumberFixing", "17.PrimeNumberFixing\17.PrimeNumberFixing.csproj", "{80012D99-692F-4583-A454-E1BD1FD98412}"
EndProject
Project("{FAE04EC0-301F-11D3-BF4B-00C04F79EFBC}") = "18.ComparisonOfRealNumbers", "18.ComparisonOfRealNumbers\18.ComparisonOfRealNumbers.csproj", "{B21D4954-4B6C-4FE3-8B8C-63ACB89F559D}"
EndProject
Project("{FAE04EC0-301F-11D3-BF4B-00C04F79EFBC}") = "19.ASCIITableFromN2M", "19.ASCIITableFromN2M\19.ASCIITableFromN2M.csproj", "{B4443F29-6541-4780-8E3E-D4E874C1D370}"
EndProject
Project("{FAE04EC0-301F-11D3-BF4B-00C04F79EFBC}") = "20.DifferentSizesOfIntegers", "20.DifferentSizesOfIntegers\20.DifferentSizesOfIntegers.csproj", "{7896EEAE-275D-4C88-84B5-3B2DF6D6BC5E}"
EndProject
Global
	GlobalSection(SolutionConfigurationPlatforms) = preSolution
		Debug|Any CPU = Debug|Any CPU
		Release|Any CPU = Release|Any CPU
	EndGlobalSection
	GlobalSection(ProjectConfigurationPlatforms) = postSolution
		{C1AAB479-C1B5-4EC3-93EB-C2C9957B34C5}.Debug|Any CPU.ActiveCfg = Debug|Any CPU
		{C1AAB479-C1B5-4EC3-93EB-C2C9957B34C5}.Debug|Any CPU.Build.0 = Debug|Any CPU
		{C1AAB479-C1B5-4EC3-93EB-C2C9957B34C5}.Release|Any CPU.ActiveCfg = Release|Any CPU
		{C1AAB479-C1B5-4EC3-93EB-C2C9957B34C5}.Release|Any CPU.Build.0 = Release|Any CPU
		{2E4FFEE1-73B6-41C5-98C8-FF756F66E870}.Debug|Any CPU.ActiveCfg = Debug|Any CPU
		{2E4FFEE1-73B6-41C5-98C8-FF756F66E870}.Debug|Any CPU.Build.0 = Debug|Any CPU
		{2E4FFEE1-73B6-41C5-98C8-FF756F66E870}.Release|Any CPU.ActiveCfg = Release|Any CPU
		{2E4FFEE1-73B6-41C5-98C8-FF756F66E870}.Release|Any CPU.Build.0 = Release|Any CPU
		{F81A8030-C0A1-4B82-B5E7-5B33FFB1FD65}.Debug|Any CPU.ActiveCfg = Debug|Any CPU
		{F81A8030-C0A1-4B82-B5E7-5B33FFB1FD65}.Debug|Any CPU.Build.0 = Debug|Any CPU
		{F81A8030-C0A1-4B82-B5E7-5B33FFB1FD65}.Release|Any CPU.ActiveCfg = Release|Any CPU
		{F81A8030-C0A1-4B82-B5E7-5B33FFB1FD65}.Release|Any CPU.Build.0 = Release|Any CPU
		{E8547801-FD02-440B-9B8B-74B04125ACF7}.Debug|Any CPU.ActiveCfg = Debug|Any CPU
		{E8547801-FD02-440B-9B8B-74B04125ACF7}.Debug|Any CPU.Build.0 = Debug|Any CPU
		{E8547801-FD02-440B-9B8B-74B04125ACF7}.Release|Any CPU.ActiveCfg = Release|Any CPU
		{E8547801-FD02-440B-9B8B-74B04125ACF7}.Release|Any CPU.Build.0 = Release|Any CPU
		{5ED55344-7B9B-460F-9FAD-6C6D90BC15AB}.Debug|Any CPU.ActiveCfg = Debug|Any CPU
		{5ED55344-7B9B-460F-9FAD-6C6D90BC15AB}.Debug|Any CPU.Build.0 = Debug|Any CPU
		{5ED55344-7B9B-460F-9FAD-6C6D90BC15AB}.Release|Any CPU.ActiveCfg = Release|Any CPU
		{5ED55344-7B9B-460F-9FAD-6C6D90BC15AB}.Release|Any CPU.Build.0 = Release|Any CPU
		{6B2D7A96-5EF5-4A78-B81D-101717421A55}.Debug|Any CPU.ActiveCfg = Debug|Any CPU
		{6B2D7A96-5EF5-4A78-B81D-101717421A55}.Debug|Any CPU.Build.0 = Debug|Any CPU
		{6B2D7A96-5EF5-4A78-B81D-101717421A55}.Release|Any CPU.ActiveCfg = Release|Any CPU
		{6B2D7A96-5EF5-4A78-B81D-101717421A55}.Release|Any CPU.Build.0 = Release|Any CPU
		{D3420E8D-3DA4-4EC4-BDD3-9EBAAAE16D20}.Debug|Any CPU.ActiveCfg = Debug|Any CPU
		{D3420E8D-3DA4-4EC4-BDD3-9EBAAAE16D20}.Debug|Any CPU.Build.0 = Debug|Any CPU
		{D3420E8D-3DA4-4EC4-BDD3-9EBAAAE16D20}.Release|Any CPU.ActiveCfg = Release|Any CPU
		{D3420E8D-3DA4-4EC4-BDD3-9EBAAAE16D20}.Release|Any CPU.Build.0 = Release|Any CPU
		{304A528F-03ED-454B-BFA4-27824F84291D}.Debug|Any CPU.ActiveCfg = Debug|Any CPU
		{304A528F-03ED-454B-BFA4-27824F84291D}.Debug|Any CPU.Build.0 = Debug|Any CPU
		{304A528F-03ED-454B-BFA4-27824F84291D}.Release|Any CPU.ActiveCfg = Release|Any CPU
		{304A528F-03ED-454B-BFA4-27824F84291D}.Release|Any CPU.Build.0 = Release|Any CPU
		{B2A5CB44-4B4A-433A-8C6F-D4FC339F4763}.Debug|Any CPU.ActiveCfg = Debug|Any CPU
		{B2A5CB44-4B4A-433A-8C6F-D4FC339F4763}.Debug|Any CPU.Build.0 = Debug|Any CPU
		{B2A5CB44-4B4A-433A-8C6F-D4FC339F4763}.Release|Any CPU.ActiveCfg = Release|Any CPU
		{B2A5CB44-4B4A-433A-8C6F-D4FC339F4763}.Release|Any CPU.Build.0 = Release|Any CPU
		{AD4B6AEE-BCE4-4AED-90CD-34E9E7BAC1B2}.Debug|Any CPU.ActiveCfg = Debug|Any CPU
		{AD4B6AEE-BCE4-4AED-90CD-34E9E7BAC1B2}.Debug|Any CPU.Build.0 = Debug|Any CPU
		{AD4B6AEE-BCE4-4AED-90CD-34E9E7BAC1B2}.Release|Any CPU.ActiveCfg = Release|Any CPU
		{AD4B6AEE-BCE4-4AED-90CD-34E9E7BAC1B2}.Release|Any CPU.Build.0 = Release|Any CPU
		{F91FE2BB-B3CE-4630-A631-1595B83DEFAA}.Debug|Any CPU.ActiveCfg = Debug|Any CPU
		{F91FE2BB-B3CE-4630-A631-1595B83DEFAA}.Debug|Any CPU.Build.0 = Debug|Any CPU
		{F91FE2BB-B3CE-4630-A631-1595B83DEFAA}.Release|Any CPU.ActiveCfg = Release|Any CPU
		{F91FE2BB-B3CE-4630-A631-1595B83DEFAA}.Release|Any CPU.Build.0 = Release|Any CPU
		{B6DD7590-836B-414C-9206-6220C62ACD20}.Debug|Any CPU.ActiveCfg = Debug|Any CPU
		{B6DD7590-836B-414C-9206-6220C62ACD20}.Debug|Any CPU.Build.0 = Debug|Any CPU
		{B6DD7590-836B-414C-9206-6220C62ACD20}.Release|Any CPU.ActiveCfg = Release|Any CPU
		{B6DD7590-836B-414C-9206-6220C62ACD20}.Release|Any CPU.Build.0 = Release|Any CPU
		{306A7844-A1FE-4F6A-A53E-DA0D99BDBE83}.Debug|Any CPU.ActiveCfg = Debug|Any CPU
		{306A7844-A1FE-4F6A-A53E-DA0D99BDBE83}.Debug|Any CPU.Build.0 = Debug|Any CPU
		{306A7844-A1FE-4F6A-A53E-DA0D99BDBE83}.Release|Any CPU.ActiveCfg = Release|Any CPU
		{306A7844-A1FE-4F6A-A53E-DA0D99BDBE83}.Release|Any CPU.Build.0 = Release|Any CPU
		{258E0CC6-656A-4807-A731-F252DC2811C3}.Debug|Any CPU.ActiveCfg = Debug|Any CPU
		{258E0CC6-656A-4807-A731-F252DC2811C3}.Debug|Any CPU.Build.0 = Debug|Any CPU
		{258E0CC6-656A-4807-A731-F252DC2811C3}.Release|Any CPU.ActiveCfg = Release|Any CPU
		{258E0CC6-656A-4807-A731-F252DC2811C3}.Release|Any CPU.Build.0 = Release|Any CPU
		{63B38614-B1F3-4B68-823C-3154D53E9FE5}.Debug|Any CPU.ActiveCfg = Debug|Any CPU
		{63B38614-B1F3-4B68-823C-3154D53E9FE5}.Debug|Any CPU.Build.0 = Debug|Any CPU
		{63B38614-B1F3-4B68-823C-3154D53E9FE5}.Release|Any CPU.ActiveCfg = Release|Any CPU
		{63B38614-B1F3-4B68-823C-3154D53E9FE5}.Release|Any CPU.Build.0 = Release|Any CPU
		{74885826-74E1-4EE5-9794-3D9B49E35487}.Debug|Any CPU.ActiveCfg = Debug|Any CPU
		{74885826-74E1-4EE5-9794-3D9B49E35487}.Debug|Any CPU.Build.0 = Debug|Any CPU
		{74885826-74E1-4EE5-9794-3D9B49E35487}.Release|Any CPU.ActiveCfg = Release|Any CPU
		{74885826-74E1-4EE5-9794-3D9B49E35487}.Release|Any CPU.Build.0 = Release|Any CPU
		{7B2CD3AB-3ECF-49F7-BDE6-08D3F09533FE}.Debug|Any CPU.ActiveCfg = Debug|Any CPU
		{7B2CD3AB-3ECF-49F7-BDE6-08D3F09533FE}.Debug|Any CPU.Build.0 = Debug|Any CPU
		{7B2CD3AB-3ECF-49F7-BDE6-08D3F09533FE}.Release|Any CPU.ActiveCfg = Release|Any CPU
		{7B2CD3AB-3ECF-49F7-BDE6-08D3F09533FE}.Release|Any CPU.Build.0 = Release|Any CPU
		{C2E2137A-1C91-4F6F-A39B-7DC3BB9EE18A}.Debug|Any CPU.ActiveCfg = Debug|Any CPU
		{C2E2137A-1C91-4F6F-A39B-7DC3BB9EE18A}.Debug|Any CPU.Build.0 = Debug|Any CPU
		{C2E2137A-1C91-4F6F-A39B-7DC3BB9EE18A}.Release|Any CPU.ActiveCfg = Release|Any CPU
		{C2E2137A-1C91-4F6F-A39B-7DC3BB9EE18A}.Release|Any CPU.Build.0 = Release|Any CPU
		{4B13AC0A-78F3-4C7E-83EA-22667C57BD32}.Debug|Any CPU.ActiveCfg = Debug|Any CPU
		{4B13AC0A-78F3-4C7E-83EA-22667C57BD32}.Debug|Any CPU.Build.0 = Debug|Any CPU
		{4B13AC0A-78F3-4C7E-83EA-22667C57BD32}.Release|Any CPU.ActiveCfg = Release|Any CPU
		{4B13AC0A-78F3-4C7E-83EA-22667C57BD32}.Release|Any CPU.Build.0 = Release|Any CPU
		{BD7AFCFD-0019-4FB4-A6BD-D2170301EA3E}.Debug|Any CPU.ActiveCfg = Debug|Any CPU
		{BD7AFCFD-0019-4FB4-A6BD-D2170301EA3E}.Debug|Any CPU.Build.0 = Debug|Any CPU
		{BD7AFCFD-0019-4FB4-A6BD-D2170301EA3E}.Release|Any CPU.ActiveCfg = Release|Any CPU
		{BD7AFCFD-0019-4FB4-A6BD-D2170301EA3E}.Release|Any CPU.Build.0 = Release|Any CPU
		{C448B706-4393-4E5B-946A-46B83ED43545}.Debug|Any CPU.ActiveCfg = Debug|Any CPU
		{C448B706-4393-4E5B-946A-46B83ED43545}.Debug|Any CPU.Build.0 = Debug|Any CPU
		{C448B706-4393-4E5B-946A-46B83ED43545}.Release|Any CPU.ActiveCfg = Release|Any CPU
		{C448B706-4393-4E5B-946A-46B83ED43545}.Release|Any CPU.Build.0 = Release|Any CPU
		{B6A3D269-642B-4AB8-B2E7-5D45F5C004ED}.Debug|Any CPU.ActiveCfg = Debug|Any CPU
		{B6A3D269-642B-4AB8-B2E7-5D45F5C004ED}.Debug|Any CPU.Build.0 = Debug|Any CPU
		{B6A3D269-642B-4AB8-B2E7-5D45F5C004ED}.Release|Any CPU.ActiveCfg = Release|Any CPU
		{B6A3D269-642B-4AB8-B2E7-5D45F5C004ED}.Release|Any CPU.Build.0 = Release|Any CPU
		{ECAD81E3-7EC0-4D85-8002-FDAA0C3F4940}.Debug|Any CPU.ActiveCfg = Debug|Any CPU
		{ECAD81E3-7EC0-4D85-8002-FDAA0C3F4940}.Debug|Any CPU.Build.0 = Debug|Any CPU
		{ECAD81E3-7EC0-4D85-8002-FDAA0C3F4940}.Release|Any CPU.ActiveCfg = Release|Any CPU
		{ECAD81E3-7EC0-4D85-8002-FDAA0C3F4940}.Release|Any CPU.Build.0 = Release|Any CPU
		{EF88BF1E-8B63-4E20-940A-938CD062244D}.Debug|Any CPU.ActiveCfg = Debug|Any CPU
		{EF88BF1E-8B63-4E20-940A-938CD062244D}.Debug|Any CPU.Build.0 = Debug|Any CPU
		{EF88BF1E-8B63-4E20-940A-938CD062244D}.Release|Any CPU.ActiveCfg = Release|Any CPU
		{EF88BF1E-8B63-4E20-940A-938CD062244D}.Release|Any CPU.Build.0 = Release|Any CPU
		{5E4504DD-5540-4430-9A5C-349C078C9408}.Debug|Any CPU.ActiveCfg = Debug|Any CPU
		{5E4504DD-5540-4430-9A5C-349C078C9408}.Debug|Any CPU.Build.0 = Debug|Any CPU
		{5E4504DD-5540-4430-9A5C-349C078C9408}.Release|Any CPU.ActiveCfg = Release|Any CPU
		{5E4504DD-5540-4430-9A5C-349C078C9408}.Release|Any CPU.Build.0 = Release|Any CPU
		{E90E95CA-6950-49EB-814A-002173F80320}.Debug|Any CPU.ActiveCfg = Debug|Any CPU
		{E90E95CA-6950-49EB-814A-002173F80320}.Debug|Any CPU.Build.0 = Debug|Any CPU
		{E90E95CA-6950-49EB-814A-002173F80320}.Release|Any CPU.ActiveCfg = Release|Any CPU
		{E90E95CA-6950-49EB-814A-002173F80320}.Release|Any CPU.Build.0 = Release|Any CPU
		{9D03E8CC-A3F0-4360-8C06-AA692E348692}.Debug|Any CPU.ActiveCfg = Debug|Any CPU
		{9D03E8CC-A3F0-4360-8C06-AA692E348692}.Debug|Any CPU.Build.0 = Debug|Any CPU
		{9D03E8CC-A3F0-4360-8C06-AA692E348692}.Release|Any CPU.ActiveCfg = Release|Any CPU
		{9D03E8CC-A3F0-4360-8C06-AA692E348692}.Release|Any CPU.Build.0 = Release|Any CPU
		{AE2E9F18-B822-4D96-A118-18C1EE665F53}.Debug|Any CPU.ActiveCfg = Debug|Any CPU
		{AE2E9F18-B822-4D96-A118-18C1EE665F53}.Debug|Any CPU.Build.0 = Debug|Any CPU
		{AE2E9F18-B822-4D96-A118-18C1EE665F53}.Release|Any CPU.ActiveCfg = Release|Any CPU
		{AE2E9F18-B822-4D96-A118-18C1EE665F53}.Release|Any CPU.Build.0 = Release|Any CPU
		{602863E1-4951-4190-A4E8-0783A499D3E4}.Debug|Any CPU.ActiveCfg = Debug|Any CPU
		{602863E1-4951-4190-A4E8-0783A499D3E4}.Debug|Any CPU.Build.0 = Debug|Any CPU
		{602863E1-4951-4190-A4E8-0783A499D3E4}.Release|Any CPU.ActiveCfg = Release|Any CPU
		{602863E1-4951-4190-A4E8-0783A499D3E4}.Release|Any CPU.Build.0 = Release|Any CPU
		{9C4B14EB-6EBF-4671-AFDE-2A3D71F3C8C5}.Debug|Any CPU.ActiveCfg = Debug|Any CPU
		{9C4B14EB-6EBF-4671-AFDE-2A3D71F3C8C5}.Debug|Any CPU.Build.0 = Debug|Any CPU
		{9C4B14EB-6EBF-4671-AFDE-2A3D71F3C8C5}.Release|Any CPU.ActiveCfg = Release|Any CPU
		{9C4B14EB-6EBF-4671-AFDE-2A3D71F3C8C5}.Release|Any CPU.Build.0 = Release|Any CPU
		{5ABC5B22-6247-4B5F-A303-1FD88E057694}.Debug|Any CPU.ActiveCfg = Debug|Any CPU
		{5ABC5B22-6247-4B5F-A303-1FD88E057694}.Debug|Any CPU.Build.0 = Debug|Any CPU
		{5ABC5B22-6247-4B5F-A303-1FD88E057694}.Release|Any CPU.ActiveCfg = Release|Any CPU
		{5ABC5B22-6247-4B5F-A303-1FD88E057694}.Release|Any CPU.Build.0 = Release|Any CPU
		{99BA1B23-2594-48D6-9B48-871FF45C417A}.Debug|Any CPU.ActiveCfg = Debug|Any CPU
		{99BA1B23-2594-48D6-9B48-871FF45C417A}.Debug|Any CPU.Build.0 = Debug|Any CPU
		{99BA1B23-2594-48D6-9B48-871FF45C417A}.Release|Any CPU.ActiveCfg = Release|Any CPU
		{99BA1B23-2594-48D6-9B48-871FF45C417A}.Release|Any CPU.Build.0 = Release|Any CPU
		{EF934A90-B533-41AF-85E2-19CCD2EDCE7A}.Debug|Any CPU.ActiveCfg = Debug|Any CPU
		{EF934A90-B533-41AF-85E2-19CCD2EDCE7A}.Debug|Any CPU.Build.0 = Debug|Any CPU
		{EF934A90-B533-41AF-85E2-19CCD2EDCE7A}.Release|Any CPU.ActiveCfg = Release|Any CPU
		{EF934A90-B533-41AF-85E2-19CCD2EDCE7A}.Release|Any CPU.Build.0 = Release|Any CPU
		{0FBFF97C-60BC-4E38-9095-09A601CAC9C3}.Debug|Any CPU.ActiveCfg = Debug|Any CPU
		{0FBFF97C-60BC-4E38-9095-09A601CAC9C3}.Debug|Any CPU.Build.0 = Debug|Any CPU
		{0FBFF97C-60BC-4E38-9095-09A601CAC9C3}.Release|Any CPU.ActiveCfg = Release|Any CPU
		{0FBFF97C-60BC-4E38-9095-09A601CAC9C3}.Release|Any CPU.Build.0 = Release|Any CPU
		{0D5CD71D-FABF-4B8C-A112-B40759194F26}.Debug|Any CPU.ActiveCfg = Debug|Any CPU
		{0D5CD71D-FABF-4B8C-A112-B40759194F26}.Debug|Any CPU.Build.0 = Debug|Any CPU
		{0D5CD71D-FABF-4B8C-A112-B40759194F26}.Release|Any CPU.ActiveCfg = Release|Any CPU
		{0D5CD71D-FABF-4B8C-A112-B40759194F26}.Release|Any CPU.Build.0 = Release|Any CPU
		{684741E0-5924-4651-A1AC-0865C0034F1F}.Debug|Any CPU.ActiveCfg = Debug|Any CPU
		{684741E0-5924-4651-A1AC-0865C0034F1F}.Debug|Any CPU.Build.0 = Debug|Any CPU
		{684741E0-5924-4651-A1AC-0865C0034F1F}.Release|Any CPU.ActiveCfg = Release|Any CPU
		{684741E0-5924-4651-A1AC-0865C0034F1F}.Release|Any CPU.Build.0 = Release|Any CPU
		{8D28B2E9-3C6F-4CB0-AA8F-A292164550C1}.Debug|Any CPU.ActiveCfg = Debug|Any CPU
		{8D28B2E9-3C6F-4CB0-AA8F-A292164550C1}.Debug|Any CPU.Build.0 = Debug|Any CPU
		{8D28B2E9-3C6F-4CB0-AA8F-A292164550C1}.Release|Any CPU.ActiveCfg = Release|Any CPU
		{8D28B2E9-3C6F-4CB0-AA8F-A292164550C1}.Release|Any CPU.Build.0 = Release|Any CPU
		{80012D99-692F-4583-A454-E1BD1FD98412}.Debug|Any CPU.ActiveCfg = Debug|Any CPU
		{80012D99-692F-4583-A454-E1BD1FD98412}.Debug|Any CPU.Build.0 = Debug|Any CPU
		{80012D99-692F-4583-A454-E1BD1FD98412}.Release|Any CPU.ActiveCfg = Release|Any CPU
		{80012D99-692F-4583-A454-E1BD1FD98412}.Release|Any CPU.Build.0 = Release|Any CPU
		{B21D4954-4B6C-4FE3-8B8C-63ACB89F559D}.Debug|Any CPU.ActiveCfg = Debug|Any CPU
		{B21D4954-4B6C-4FE3-8B8C-63ACB89F559D}.Debug|Any CPU.Build.0 = Debug|Any CPU
		{B21D4954-4B6C-4FE3-8B8C-63ACB89F559D}.Release|Any CPU.ActiveCfg = Release|Any CPU
		{B21D4954-4B6C-4FE3-8B8C-63ACB89F559D}.Release|Any CPU.Build.0 = Release|Any CPU
		{B4443F29-6541-4780-8E3E-D4E874C1D370}.Debug|Any CPU.ActiveCfg = Debug|Any CPU
		{B4443F29-6541-4780-8E3E-D4E874C1D370}.Debug|Any CPU.Build.0 = Debug|Any CPU
		{B4443F29-6541-4780-8E3E-D4E874C1D370}.Release|Any CPU.ActiveCfg = Release|Any CPU
		{B4443F29-6541-4780-8E3E-D4E874C1D370}.Release|Any CPU.Build.0 = Release|Any CPU
		{7896EEAE-275D-4C88-84B5-3B2DF6D6BC5E}.Debug|Any CPU.ActiveCfg = Debug|Any CPU
		{7896EEAE-275D-4C88-84B5-3B2DF6D6BC5E}.Debug|Any CPU.Build.0 = Debug|Any CPU
		{7896EEAE-275D-4C88-84B5-3B2DF6D6BC5E}.Release|Any CPU.ActiveCfg = Release|Any CPU
		{7896EEAE-275D-4C88-84B5-3B2DF6D6BC5E}.Release|Any CPU.Build.0 = Release|Any CPU
	EndGlobalSection
	GlobalSection(SolutionProperties) = preSolution
		HideSolutionNode = FALSE
	EndGlobalSection
	GlobalSection(NestedProjects) = preSolution
		{C1AAB479-C1B5-4EC3-93EB-C2C9957B34C5} = {388E871D-6267-4852-875B-4AEF2306B8FE}
		{2E4FFEE1-73B6-41C5-98C8-FF756F66E870} = {388E871D-6267-4852-875B-4AEF2306B8FE}
		{F81A8030-C0A1-4B82-B5E7-5B33FFB1FD65} = {388E871D-6267-4852-875B-4AEF2306B8FE}
		{E8547801-FD02-440B-9B8B-74B04125ACF7} = {388E871D-6267-4852-875B-4AEF2306B8FE}
		{5ED55344-7B9B-460F-9FAD-6C6D90BC15AB} = {388E871D-6267-4852-875B-4AEF2306B8FE}
		{6B2D7A96-5EF5-4A78-B81D-101717421A55} = {388E871D-6267-4852-875B-4AEF2306B8FE}
		{D3420E8D-3DA4-4EC4-BDD3-9EBAAAE16D20} = {F323C249-3521-4222-9C93-6695BEC06E9E}
		{304A528F-03ED-454B-BFA4-27824F84291D} = {F323C249-3521-4222-9C93-6695BEC06E9E}
		{B2A5CB44-4B4A-433A-8C6F-D4FC339F4763} = {F323C249-3521-4222-9C93-6695BEC06E9E}
		{AD4B6AEE-BCE4-4AED-90CD-34E9E7BAC1B2} = {F323C249-3521-4222-9C93-6695BEC06E9E}
		{F91FE2BB-B3CE-4630-A631-1595B83DEFAA} = {F323C249-3521-4222-9C93-6695BEC06E9E}
		{B6DD7590-836B-414C-9206-6220C62ACD20} = {74B6A64C-ADAE-4E6A-A88D-2BE366F726E4}
		{306A7844-A1FE-4F6A-A53E-DA0D99BDBE83} = {74B6A64C-ADAE-4E6A-A88D-2BE366F726E4}
		{258E0CC6-656A-4807-A731-F252DC2811C3} = {74B6A64C-ADAE-4E6A-A88D-2BE366F726E4}
		{63B38614-B1F3-4B68-823C-3154D53E9FE5} = {74B6A64C-ADAE-4E6A-A88D-2BE366F726E4}
		{74885826-74E1-4EE5-9794-3D9B49E35487} = {507206A3-B3F0-41DD-983D-B0F38AEA21CC}
		{7B2CD3AB-3ECF-49F7-BDE6-08D3F09533FE} = {507206A3-B3F0-41DD-983D-B0F38AEA21CC}
		{C2E2137A-1C91-4F6F-A39B-7DC3BB9EE18A} = {507206A3-B3F0-41DD-983D-B0F38AEA21CC}
		{4B13AC0A-78F3-4C7E-83EA-22667C57BD32} = {507206A3-B3F0-41DD-983D-B0F38AEA21CC}
		{BD7AFCFD-0019-4FB4-A6BD-D2170301EA3E} = {507206A3-B3F0-41DD-983D-B0F38AEA21CC}
		{C448B706-4393-4E5B-946A-46B83ED43545} = {507206A3-B3F0-41DD-983D-B0F38AEA21CC}
		{B6A3D269-642B-4AB8-B2E7-5D45F5C004ED} = {6430AF43-96B1-4027-B5AE-A7415048FB24}
		{ECAD81E3-7EC0-4D85-8002-FDAA0C3F4940} = {6430AF43-96B1-4027-B5AE-A7415048FB24}
		{EF88BF1E-8B63-4E20-940A-938CD062244D} = {6430AF43-96B1-4027-B5AE-A7415048FB24}
		{5E4504DD-5540-4430-9A5C-349C078C9408} = {6430AF43-96B1-4027-B5AE-A7415048FB24}
		{E90E95CA-6950-49EB-814A-002173F80320} = {6430AF43-96B1-4027-B5AE-A7415048FB24}
		{9D03E8CC-A3F0-4360-8C06-AA692E348692} = {6430AF43-96B1-4027-B5AE-A7415048FB24}
		{AE2E9F18-B822-4D96-A118-18C1EE665F53} = {6430AF43-96B1-4027-B5AE-A7415048FB24}
		{602863E1-4951-4190-A4E8-0783A499D3E4} = {6430AF43-96B1-4027-B5AE-A7415048FB24}
		{9C4B14EB-6EBF-4671-AFDE-2A3D71F3C8C5} = {6430AF43-96B1-4027-B5AE-A7415048FB24}
		{5ABC5B22-6247-4B5F-A303-1FD88E057694} = {6430AF43-96B1-4027-B5AE-A7415048FB24}
		{99BA1B23-2594-48D6-9B48-871FF45C417A} = {6430AF43-96B1-4027-B5AE-A7415048FB24}
		{EF934A90-B533-41AF-85E2-19CCD2EDCE7A} = {6430AF43-96B1-4027-B5AE-A7415048FB24}
		{0FBFF97C-60BC-4E38-9095-09A601CAC9C3} = {6430AF43-96B1-4027-B5AE-A7415048FB24}
		{0D5CD71D-FABF-4B8C-A112-B40759194F26} = {6430AF43-96B1-4027-B5AE-A7415048FB24}
		{684741E0-5924-4651-A1AC-0865C0034F1F} = {6430AF43-96B1-4027-B5AE-A7415048FB24}
		{8D28B2E9-3C6F-4CB0-AA8F-A292164550C1} = {6430AF43-96B1-4027-B5AE-A7415048FB24}
		{80012D99-692F-4583-A454-E1BD1FD98412} = {6430AF43-96B1-4027-B5AE-A7415048FB24}
		{B21D4954-4B6C-4FE3-8B8C-63ACB89F559D} = {6430AF43-96B1-4027-B5AE-A7415048FB24}
		{B4443F29-6541-4780-8E3E-D4E874C1D370} = {6430AF43-96B1-4027-B5AE-A7415048FB24}
		{7896EEAE-275D-4C88-84B5-3B2DF6D6BC5E} = {6430AF43-96B1-4027-B5AE-A7415048FB24}
	EndGlobalSection
	GlobalSection(ExtensibilityGlobals) = postSolution
		SolutionGuid = {B756228A-33B0-478E-A2AD-9BE00811AFFD}
	EndGlobalSection
EndGlobal
