
Microsoft Visual Studio Solution File, Format Version 12.00
# Visual Studio Version 16
VisualStudioVersion = 16.0.31321.278
MinimumVisualStudioVersion = 10.0.40219.1
Project("{FAE04EC0-301F-11D3-BF4B-00C04F79EFBC}") = "01.DayOfWeek", "DayOfWeek\01.DayOfWeek.csproj", "{DF90FC14-AEC6-4295-879F-DC58E2119187}"
EndProject
Project("{FAE04EC0-301F-11D3-BF4B-00C04F79EFBC}") = "012.PrimeToN", "PrimeToN\012.PrimeToN.csproj", "{FF236CB8-CD38-4E3E-89D6-7B4920EF17A9}"
EndProject
Project("{FAE04EC0-301F-11D3-BF4B-00C04F79EFBC}") = "02.LastKNumbersSums", "LastKNumbersSums\02.LastKNumbersSums.csproj", "{CA04CA47-886A-49A9-B93D-3AD5FB2D010C}"
EndProject
Project("{FAE04EC0-301F-11D3-BF4B-00C04F79EFBC}") = "03.TripleSum", "TripleSum\03.TripleSum.csproj", "{DD7126FE-5F8D-4FC9-A815-B430C92EEF0B}"
EndProject
Project("{FAE04EC0-301F-11D3-BF4B-00C04F79EFBC}") = "04.ReverseArrayOfIntegers", "ReverseArrayOfIntegers\04.ReverseArrayOfIntegers.csproj", "{7A0974F6-8E91-40D0-B9B6-2BEB49E0C4D5}"
EndProject
Project("{2150E333-8FDC-42A3-9474-1A3956D46DE8}") = "Array Lab", "Array Lab", "{AA943700-80A7-470F-94A4-CA7DCAE8DCE6}"
EndProject
Project("{FAE04EC0-301F-11D3-BF4B-00C04F79EFBC}") = "05.RoundingNums", "RoundingNums\05.RoundingNums.csproj", "{0649F26E-5C10-44ED-8808-86035B59D474}"
EndProject
Project("{FAE04EC0-301F-11D3-BF4B-00C04F79EFBC}") = "06.ReverseArrayOfStrings", "ReverseArrayOfStrings\06.ReverseArrayOfStrings.csproj", "{63F42D2E-F00E-4DC2-AF25-6BE682F91E69}"
EndProject
Project("{2150E333-8FDC-42A3-9474-1A3956D46DE8}") = "Arrays", "Arrays", "{470A754A-1318-4A5D-90CE-59957BCE9884}"
EndProject
Project("{FAE04EC0-301F-11D3-BF4B-00C04F79EFBC}") = "01.ArrayStatistics", "ArrayStatistics\01.ArrayStatistics.csproj", "{2ED2A6F5-8A8C-4BBB-BD4D-7FC1DD01DF61}"
EndProject
Project("{FAE04EC0-301F-11D3-BF4B-00C04F79EFBC}") = "02.TheMostCommonNumber", "TheMostCommonNumber\02.TheMostCommonNumber.csproj", "{4F9092ED-DADE-46C8-9A23-70AADC5BCC4F}"
EndProject
Project("{FAE04EC0-301F-11D3-BF4B-00C04F79EFBC}") = "03.IndexofLetters", "IndexofLetters\03.IndexofLetters.csproj", "{6054BF3A-768E-4E23-B183-F0A3353A25AF}"
EndProject
Project("{FAE04EC0-301F-11D3-BF4B-00C04F79EFBC}") = "04.ConvertArrayToNumber", "ConvertArrayToNumber\04.ConvertArrayToNumber.csproj", "{EF6529BF-2C9E-4750-AA12-2D36CD3D1AC2}"
EndProject
Project("{FAE04EC0-301F-11D3-BF4B-00C04F79EFBC}") = "05.ReverseArrayOfNums", "ReverseArrayOfNums\05.ReverseArrayOfNums.csproj", "{C215CB3D-1509-4D2B-BBF9-1F18142B5B25}"
EndProject
Project("{FAE04EC0-301F-11D3-BF4B-00C04F79EFBC}") = "06.ReverseArrayOfTexts", "ReverseArrayOfTexts\06.ReverseArrayOfTexts.csproj", "{8E4293B0-6985-476A-9CA0-9BB03FCD2AE8}"
EndProject
Project("{FAE04EC0-301F-11D3-BF4B-00C04F79EFBC}") = "07.ReverseAndSum", "ReverseAndSum\07.ReverseAndSum.csproj", "{7A888C08-BE70-4FA2-906B-2BC4CA2B322E}"
EndProject
Project("{FAE04EC0-301F-11D3-BF4B-00C04F79EFBC}") = "08.FoldAndSum", "FoldAndSum\08.FoldAndSum.csproj", "{A1068700-EF09-4F81-A57A-3E27BFE54409}"
EndProject
Project("{FAE04EC0-301F-11D3-BF4B-00C04F79EFBC}") = "09.ArrayProcessing", "ArrayProcessing\09.ArrayProcessing.csproj", "{4D475CF4-9874-43B8-BEE0-25EBBAB3BDCF}"
EndProject
Project("{FAE04EC0-301F-11D3-BF4B-00C04F79EFBC}") = "10.SafeManipulation", "SafeManipulation\10.SafeManipulation.csproj", "{AD7EA573-DD1E-44C3-9919-5F37E51A5CD7}"
EndProject
Project("{FAE04EC0-301F-11D3-BF4B-00C04F79EFBC}") = "11.MultipleSums", "MultipleSums\11.MultipleSums.csproj", "{3641AD85-CB70-4D57-BCB7-09B45CF05698}"
EndProject
Project("{FAE04EC0-301F-11D3-BF4B-00C04F79EFBC}") = "12.ExtractMiddleElements", "ExtractMiddleElements\12.ExtractMiddleElements.csproj", "{17B3AFAD-BA13-45E5-8044-FEA6631C448A}"
EndProject
Project("{FAE04EC0-301F-11D3-BF4B-00C04F79EFBC}") = "13.Storage", "Storage\13.Storage.csproj", "{C710A472-93A3-456D-8016-ED785FCE3592}"
EndProject
Project("{FAE04EC0-301F-11D3-BF4B-00C04F79EFBC}") = "14.BigerStorage", "BigerStorage\14.BigerStorage.csproj", "{01F93525-A50D-465E-84CB-A664D71FAF1B}"
EndProject
Project("{FAE04EC0-301F-11D3-BF4B-00C04F79EFBC}") = "07.SortArrayOfIntegers", "SortArrayOfIntegers\07.SortArrayOfIntegers.csproj", "{902E3328-4F9E-42E6-91AB-510BDD5CDC54}"
EndProject
Project("{FAE04EC0-301F-11D3-BF4B-00C04F79EFBC}") = "15.CompareStringArrays", "CompareStringArrays\15.CompareStringArrays.csproj", "{9D3DD5C2-5A35-4667-AE7E-89B877B9628A}"
EndProject
Project("{FAE04EC0-301F-11D3-BF4B-00C04F79EFBC}") = "16.InsertNumInSortedArray", "InsertNumInSortedArray\16.InsertNumInSortedArray.csproj", "{A2A0A82C-2007-4DCA-A594-926E9A5DB7A2}"
EndProject
Project("{FAE04EC0-301F-11D3-BF4B-00C04F79EFBC}") = "17.SearchForNumInArray", "SearchForNumInArray\17.SearchForNumInArray.csproj", "{E477FABD-4A68-4819-A627-44C3EC71F04E}"
EndProject
Project("{FAE04EC0-301F-11D3-BF4B-00C04F79EFBC}") = "18.MergeArrays", "MergeArrays\18.MergeArrays.csproj", "{10BFBE66-B83A-470D-92F8-655CAD808C8C}"
EndProject
Project("{FAE04EC0-301F-11D3-BF4B-00C04F79EFBC}") = "19.SortArray", "SortArray\19.SortArray.csproj", "{5D573754-AF17-485B-AA85-685CDF7DD495}"
EndProject
Global
	GlobalSection(SolutionConfigurationPlatforms) = preSolution
		Debug|Any CPU = Debug|Any CPU
		Release|Any CPU = Release|Any CPU
	EndGlobalSection
	GlobalSection(ProjectConfigurationPlatforms) = postSolution
		{DF90FC14-AEC6-4295-879F-DC58E2119187}.Debug|Any CPU.ActiveCfg = Debug|Any CPU
		{DF90FC14-AEC6-4295-879F-DC58E2119187}.Debug|Any CPU.Build.0 = Debug|Any CPU
		{DF90FC14-AEC6-4295-879F-DC58E2119187}.Release|Any CPU.ActiveCfg = Release|Any CPU
		{DF90FC14-AEC6-4295-879F-DC58E2119187}.Release|Any CPU.Build.0 = Release|Any CPU
		{FF236CB8-CD38-4E3E-89D6-7B4920EF17A9}.Debug|Any CPU.ActiveCfg = Debug|Any CPU
		{FF236CB8-CD38-4E3E-89D6-7B4920EF17A9}.Debug|Any CPU.Build.0 = Debug|Any CPU
		{FF236CB8-CD38-4E3E-89D6-7B4920EF17A9}.Release|Any CPU.ActiveCfg = Release|Any CPU
		{FF236CB8-CD38-4E3E-89D6-7B4920EF17A9}.Release|Any CPU.Build.0 = Release|Any CPU
		{CA04CA47-886A-49A9-B93D-3AD5FB2D010C}.Debug|Any CPU.ActiveCfg = Debug|Any CPU
		{CA04CA47-886A-49A9-B93D-3AD5FB2D010C}.Debug|Any CPU.Build.0 = Debug|Any CPU
		{CA04CA47-886A-49A9-B93D-3AD5FB2D010C}.Release|Any CPU.ActiveCfg = Release|Any CPU
		{CA04CA47-886A-49A9-B93D-3AD5FB2D010C}.Release|Any CPU.Build.0 = Release|Any CPU
		{DD7126FE-5F8D-4FC9-A815-B430C92EEF0B}.Debug|Any CPU.ActiveCfg = Debug|Any CPU
		{DD7126FE-5F8D-4FC9-A815-B430C92EEF0B}.Debug|Any CPU.Build.0 = Debug|Any CPU
		{DD7126FE-5F8D-4FC9-A815-B430C92EEF0B}.Release|Any CPU.ActiveCfg = Release|Any CPU
		{DD7126FE-5F8D-4FC9-A815-B430C92EEF0B}.Release|Any CPU.Build.0 = Release|Any CPU
		{7A0974F6-8E91-40D0-B9B6-2BEB49E0C4D5}.Debug|Any CPU.ActiveCfg = Debug|Any CPU
		{7A0974F6-8E91-40D0-B9B6-2BEB49E0C4D5}.Debug|Any CPU.Build.0 = Debug|Any CPU
		{7A0974F6-8E91-40D0-B9B6-2BEB49E0C4D5}.Release|Any CPU.ActiveCfg = Release|Any CPU
		{7A0974F6-8E91-40D0-B9B6-2BEB49E0C4D5}.Release|Any CPU.Build.0 = Release|Any CPU
		{0649F26E-5C10-44ED-8808-86035B59D474}.Debug|Any CPU.ActiveCfg = Debug|Any CPU
		{0649F26E-5C10-44ED-8808-86035B59D474}.Debug|Any CPU.Build.0 = Debug|Any CPU
		{0649F26E-5C10-44ED-8808-86035B59D474}.Release|Any CPU.ActiveCfg = Release|Any CPU
		{0649F26E-5C10-44ED-8808-86035B59D474}.Release|Any CPU.Build.0 = Release|Any CPU
		{63F42D2E-F00E-4DC2-AF25-6BE682F91E69}.Debug|Any CPU.ActiveCfg = Debug|Any CPU
		{63F42D2E-F00E-4DC2-AF25-6BE682F91E69}.Debug|Any CPU.Build.0 = Debug|Any CPU
		{63F42D2E-F00E-4DC2-AF25-6BE682F91E69}.Release|Any CPU.ActiveCfg = Release|Any CPU
		{63F42D2E-F00E-4DC2-AF25-6BE682F91E69}.Release|Any CPU.Build.0 = Release|Any CPU
		{2ED2A6F5-8A8C-4BBB-BD4D-7FC1DD01DF61}.Debug|Any CPU.ActiveCfg = Debug|Any CPU
		{2ED2A6F5-8A8C-4BBB-BD4D-7FC1DD01DF61}.Debug|Any CPU.Build.0 = Debug|Any CPU
		{2ED2A6F5-8A8C-4BBB-BD4D-7FC1DD01DF61}.Release|Any CPU.ActiveCfg = Release|Any CPU
		{2ED2A6F5-8A8C-4BBB-BD4D-7FC1DD01DF61}.Release|Any CPU.Build.0 = Release|Any CPU
		{4F9092ED-DADE-46C8-9A23-70AADC5BCC4F}.Debug|Any CPU.ActiveCfg = Debug|Any CPU
		{4F9092ED-DADE-46C8-9A23-70AADC5BCC4F}.Debug|Any CPU.Build.0 = Debug|Any CPU
		{4F9092ED-DADE-46C8-9A23-70AADC5BCC4F}.Release|Any CPU.ActiveCfg = Release|Any CPU
		{4F9092ED-DADE-46C8-9A23-70AADC5BCC4F}.Release|Any CPU.Build.0 = Release|Any CPU
		{6054BF3A-768E-4E23-B183-F0A3353A25AF}.Debug|Any CPU.ActiveCfg = Debug|Any CPU
		{6054BF3A-768E-4E23-B183-F0A3353A25AF}.Debug|Any CPU.Build.0 = Debug|Any CPU
		{6054BF3A-768E-4E23-B183-F0A3353A25AF}.Release|Any CPU.ActiveCfg = Release|Any CPU
		{6054BF3A-768E-4E23-B183-F0A3353A25AF}.Release|Any CPU.Build.0 = Release|Any CPU
		{EF6529BF-2C9E-4750-AA12-2D36CD3D1AC2}.Debug|Any CPU.ActiveCfg = Debug|Any CPU
		{EF6529BF-2C9E-4750-AA12-2D36CD3D1AC2}.Debug|Any CPU.Build.0 = Debug|Any CPU
		{EF6529BF-2C9E-4750-AA12-2D36CD3D1AC2}.Release|Any CPU.ActiveCfg = Release|Any CPU
		{EF6529BF-2C9E-4750-AA12-2D36CD3D1AC2}.Release|Any CPU.Build.0 = Release|Any CPU
		{C215CB3D-1509-4D2B-BBF9-1F18142B5B25}.Debug|Any CPU.ActiveCfg = Debug|Any CPU
		{C215CB3D-1509-4D2B-BBF9-1F18142B5B25}.Debug|Any CPU.Build.0 = Debug|Any CPU
		{C215CB3D-1509-4D2B-BBF9-1F18142B5B25}.Release|Any CPU.ActiveCfg = Release|Any CPU
		{C215CB3D-1509-4D2B-BBF9-1F18142B5B25}.Release|Any CPU.Build.0 = Release|Any CPU
		{8E4293B0-6985-476A-9CA0-9BB03FCD2AE8}.Debug|Any CPU.ActiveCfg = Debug|Any CPU
		{8E4293B0-6985-476A-9CA0-9BB03FCD2AE8}.Debug|Any CPU.Build.0 = Debug|Any CPU
		{8E4293B0-6985-476A-9CA0-9BB03FCD2AE8}.Release|Any CPU.ActiveCfg = Release|Any CPU
		{8E4293B0-6985-476A-9CA0-9BB03FCD2AE8}.Release|Any CPU.Build.0 = Release|Any CPU
		{7A888C08-BE70-4FA2-906B-2BC4CA2B322E}.Debug|Any CPU.ActiveCfg = Debug|Any CPU
		{7A888C08-BE70-4FA2-906B-2BC4CA2B322E}.Debug|Any CPU.Build.0 = Debug|Any CPU
		{7A888C08-BE70-4FA2-906B-2BC4CA2B322E}.Release|Any CPU.ActiveCfg = Release|Any CPU
		{7A888C08-BE70-4FA2-906B-2BC4CA2B322E}.Release|Any CPU.Build.0 = Release|Any CPU
		{A1068700-EF09-4F81-A57A-3E27BFE54409}.Debug|Any CPU.ActiveCfg = Debug|Any CPU
		{A1068700-EF09-4F81-A57A-3E27BFE54409}.Debug|Any CPU.Build.0 = Debug|Any CPU
		{A1068700-EF09-4F81-A57A-3E27BFE54409}.Release|Any CPU.ActiveCfg = Release|Any CPU
		{A1068700-EF09-4F81-A57A-3E27BFE54409}.Release|Any CPU.Build.0 = Release|Any CPU
		{4D475CF4-9874-43B8-BEE0-25EBBAB3BDCF}.Debug|Any CPU.ActiveCfg = Debug|Any CPU
		{4D475CF4-9874-43B8-BEE0-25EBBAB3BDCF}.Debug|Any CPU.Build.0 = Debug|Any CPU
		{4D475CF4-9874-43B8-BEE0-25EBBAB3BDCF}.Release|Any CPU.ActiveCfg = Release|Any CPU
		{4D475CF4-9874-43B8-BEE0-25EBBAB3BDCF}.Release|Any CPU.Build.0 = Release|Any CPU
		{AD7EA573-DD1E-44C3-9919-5F37E51A5CD7}.Debug|Any CPU.ActiveCfg = Debug|Any CPU
		{AD7EA573-DD1E-44C3-9919-5F37E51A5CD7}.Debug|Any CPU.Build.0 = Debug|Any CPU
		{AD7EA573-DD1E-44C3-9919-5F37E51A5CD7}.Release|Any CPU.ActiveCfg = Release|Any CPU
		{AD7EA573-DD1E-44C3-9919-5F37E51A5CD7}.Release|Any CPU.Build.0 = Release|Any CPU
		{3641AD85-CB70-4D57-BCB7-09B45CF05698}.Debug|Any CPU.ActiveCfg = Debug|Any CPU
		{3641AD85-CB70-4D57-BCB7-09B45CF05698}.Debug|Any CPU.Build.0 = Debug|Any CPU
		{3641AD85-CB70-4D57-BCB7-09B45CF05698}.Release|Any CPU.ActiveCfg = Release|Any CPU
		{3641AD85-CB70-4D57-BCB7-09B45CF05698}.Release|Any CPU.Build.0 = Release|Any CPU
		{17B3AFAD-BA13-45E5-8044-FEA6631C448A}.Debug|Any CPU.ActiveCfg = Debug|Any CPU
		{17B3AFAD-BA13-45E5-8044-FEA6631C448A}.Debug|Any CPU.Build.0 = Debug|Any CPU
		{17B3AFAD-BA13-45E5-8044-FEA6631C448A}.Release|Any CPU.ActiveCfg = Release|Any CPU
		{17B3AFAD-BA13-45E5-8044-FEA6631C448A}.Release|Any CPU.Build.0 = Release|Any CPU
		{C710A472-93A3-456D-8016-ED785FCE3592}.Debug|Any CPU.ActiveCfg = Debug|Any CPU
		{C710A472-93A3-456D-8016-ED785FCE3592}.Debug|Any CPU.Build.0 = Debug|Any CPU
		{C710A472-93A3-456D-8016-ED785FCE3592}.Release|Any CPU.ActiveCfg = Release|Any CPU
		{C710A472-93A3-456D-8016-ED785FCE3592}.Release|Any CPU.Build.0 = Release|Any CPU
		{01F93525-A50D-465E-84CB-A664D71FAF1B}.Debug|Any CPU.ActiveCfg = Debug|Any CPU
		{01F93525-A50D-465E-84CB-A664D71FAF1B}.Debug|Any CPU.Build.0 = Debug|Any CPU
		{01F93525-A50D-465E-84CB-A664D71FAF1B}.Release|Any CPU.ActiveCfg = Release|Any CPU
		{01F93525-A50D-465E-84CB-A664D71FAF1B}.Release|Any CPU.Build.0 = Release|Any CPU
		{902E3328-4F9E-42E6-91AB-510BDD5CDC54}.Debug|Any CPU.ActiveCfg = Debug|Any CPU
		{902E3328-4F9E-42E6-91AB-510BDD5CDC54}.Debug|Any CPU.Build.0 = Debug|Any CPU
		{902E3328-4F9E-42E6-91AB-510BDD5CDC54}.Release|Any CPU.ActiveCfg = Release|Any CPU
		{902E3328-4F9E-42E6-91AB-510BDD5CDC54}.Release|Any CPU.Build.0 = Release|Any CPU
		{9D3DD5C2-5A35-4667-AE7E-89B877B9628A}.Debug|Any CPU.ActiveCfg = Debug|Any CPU
		{9D3DD5C2-5A35-4667-AE7E-89B877B9628A}.Debug|Any CPU.Build.0 = Debug|Any CPU
		{9D3DD5C2-5A35-4667-AE7E-89B877B9628A}.Release|Any CPU.ActiveCfg = Release|Any CPU
		{9D3DD5C2-5A35-4667-AE7E-89B877B9628A}.Release|Any CPU.Build.0 = Release|Any CPU
		{A2A0A82C-2007-4DCA-A594-926E9A5DB7A2}.Debug|Any CPU.ActiveCfg = Debug|Any CPU
		{A2A0A82C-2007-4DCA-A594-926E9A5DB7A2}.Debug|Any CPU.Build.0 = Debug|Any CPU
		{A2A0A82C-2007-4DCA-A594-926E9A5DB7A2}.Release|Any CPU.ActiveCfg = Release|Any CPU
		{A2A0A82C-2007-4DCA-A594-926E9A5DB7A2}.Release|Any CPU.Build.0 = Release|Any CPU
		{E477FABD-4A68-4819-A627-44C3EC71F04E}.Debug|Any CPU.ActiveCfg = Debug|Any CPU
		{E477FABD-4A68-4819-A627-44C3EC71F04E}.Debug|Any CPU.Build.0 = Debug|Any CPU
		{E477FABD-4A68-4819-A627-44C3EC71F04E}.Release|Any CPU.ActiveCfg = Release|Any CPU
		{E477FABD-4A68-4819-A627-44C3EC71F04E}.Release|Any CPU.Build.0 = Release|Any CPU
		{10BFBE66-B83A-470D-92F8-655CAD808C8C}.Debug|Any CPU.ActiveCfg = Debug|Any CPU
		{10BFBE66-B83A-470D-92F8-655CAD808C8C}.Debug|Any CPU.Build.0 = Debug|Any CPU
		{10BFBE66-B83A-470D-92F8-655CAD808C8C}.Release|Any CPU.ActiveCfg = Release|Any CPU
		{10BFBE66-B83A-470D-92F8-655CAD808C8C}.Release|Any CPU.Build.0 = Release|Any CPU
		{5D573754-AF17-485B-AA85-685CDF7DD495}.Debug|Any CPU.ActiveCfg = Debug|Any CPU
		{5D573754-AF17-485B-AA85-685CDF7DD495}.Debug|Any CPU.Build.0 = Debug|Any CPU
		{5D573754-AF17-485B-AA85-685CDF7DD495}.Release|Any CPU.ActiveCfg = Release|Any CPU
		{5D573754-AF17-485B-AA85-685CDF7DD495}.Release|Any CPU.Build.0 = Release|Any CPU
	EndGlobalSection
	GlobalSection(SolutionProperties) = preSolution
		HideSolutionNode = FALSE
	EndGlobalSection
	GlobalSection(NestedProjects) = preSolution
		{DF90FC14-AEC6-4295-879F-DC58E2119187} = {AA943700-80A7-470F-94A4-CA7DCAE8DCE6}
		{FF236CB8-CD38-4E3E-89D6-7B4920EF17A9} = {AA943700-80A7-470F-94A4-CA7DCAE8DCE6}
		{CA04CA47-886A-49A9-B93D-3AD5FB2D010C} = {AA943700-80A7-470F-94A4-CA7DCAE8DCE6}
		{DD7126FE-5F8D-4FC9-A815-B430C92EEF0B} = {AA943700-80A7-470F-94A4-CA7DCAE8DCE6}
		{7A0974F6-8E91-40D0-B9B6-2BEB49E0C4D5} = {AA943700-80A7-470F-94A4-CA7DCAE8DCE6}
		{0649F26E-5C10-44ED-8808-86035B59D474} = {AA943700-80A7-470F-94A4-CA7DCAE8DCE6}
		{63F42D2E-F00E-4DC2-AF25-6BE682F91E69} = {AA943700-80A7-470F-94A4-CA7DCAE8DCE6}
		{2ED2A6F5-8A8C-4BBB-BD4D-7FC1DD01DF61} = {470A754A-1318-4A5D-90CE-59957BCE9884}
		{4F9092ED-DADE-46C8-9A23-70AADC5BCC4F} = {470A754A-1318-4A5D-90CE-59957BCE9884}
		{6054BF3A-768E-4E23-B183-F0A3353A25AF} = {470A754A-1318-4A5D-90CE-59957BCE9884}
		{EF6529BF-2C9E-4750-AA12-2D36CD3D1AC2} = {470A754A-1318-4A5D-90CE-59957BCE9884}
		{C215CB3D-1509-4D2B-BBF9-1F18142B5B25} = {470A754A-1318-4A5D-90CE-59957BCE9884}
		{8E4293B0-6985-476A-9CA0-9BB03FCD2AE8} = {470A754A-1318-4A5D-90CE-59957BCE9884}
		{7A888C08-BE70-4FA2-906B-2BC4CA2B322E} = {470A754A-1318-4A5D-90CE-59957BCE9884}
		{A1068700-EF09-4F81-A57A-3E27BFE54409} = {470A754A-1318-4A5D-90CE-59957BCE9884}
		{4D475CF4-9874-43B8-BEE0-25EBBAB3BDCF} = {470A754A-1318-4A5D-90CE-59957BCE9884}
		{AD7EA573-DD1E-44C3-9919-5F37E51A5CD7} = {470A754A-1318-4A5D-90CE-59957BCE9884}
		{3641AD85-CB70-4D57-BCB7-09B45CF05698} = {470A754A-1318-4A5D-90CE-59957BCE9884}
		{17B3AFAD-BA13-45E5-8044-FEA6631C448A} = {470A754A-1318-4A5D-90CE-59957BCE9884}
		{C710A472-93A3-456D-8016-ED785FCE3592} = {470A754A-1318-4A5D-90CE-59957BCE9884}
		{01F93525-A50D-465E-84CB-A664D71FAF1B} = {470A754A-1318-4A5D-90CE-59957BCE9884}
		{902E3328-4F9E-42E6-91AB-510BDD5CDC54} = {AA943700-80A7-470F-94A4-CA7DCAE8DCE6}
		{9D3DD5C2-5A35-4667-AE7E-89B877B9628A} = {470A754A-1318-4A5D-90CE-59957BCE9884}
		{A2A0A82C-2007-4DCA-A594-926E9A5DB7A2} = {470A754A-1318-4A5D-90CE-59957BCE9884}
		{E477FABD-4A68-4819-A627-44C3EC71F04E} = {470A754A-1318-4A5D-90CE-59957BCE9884}
		{10BFBE66-B83A-470D-92F8-655CAD808C8C} = {470A754A-1318-4A5D-90CE-59957BCE9884}
		{5D573754-AF17-485B-AA85-685CDF7DD495} = {470A754A-1318-4A5D-90CE-59957BCE9884}
	EndGlobalSection
	GlobalSection(ExtensibilityGlobals) = postSolution
		SolutionGuid = {9C8054A6-6EDB-4963-A522-A690EE1CA9E7}
	EndGlobalSection
EndGlobal
