
Microsoft Visual Studio Solution File, Format Version 12.00
# Visual Studio Version 17
VisualStudioVersion = 17.0.32112.339
MinimumVisualStudioVersion = 10.0.40219.1
Project("{FAE04EC0-301F-11D3-BF4B-00C04F79EFBC}") = "P01.StronglyConnectedComponents", "P01.StronglyConnectedComponents\P01.StronglyConnectedComponents.csproj", "{A1938030-938A-44E3-BC88-0323651E99B7}"
EndProject
Project("{FAE04EC0-301F-11D3-BF4B-00C04F79EFBC}") = "P02.MaxFlow", "P02.MaxFlow\P02.MaxFlow.csproj", "{B30BB39A-7A31-4B09-B06D-2CA3514C6A65}"
EndProject
Project("{FAE04EC0-301F-11D3-BF4B-00C04F79EFBC}") = "P03.ArticulationPoints", "P03.ArticulationPoints\P03.ArticulationPoints.csproj", "{86706D38-11DF-4C57-971B-2E98E5D65DBA}"
EndProject
Global
	GlobalSection(SolutionConfigurationPlatforms) = preSolution
		Debug|Any CPU = Debug|Any CPU
		Release|Any CPU = Release|Any CPU
	EndGlobalSection
	GlobalSection(ProjectConfigurationPlatforms) = postSolution
		{A1938030-938A-44E3-BC88-0323651E99B7}.Debug|Any CPU.ActiveCfg = Debug|Any CPU
		{A1938030-938A-44E3-BC88-0323651E99B7}.Debug|Any CPU.Build.0 = Debug|Any CPU
		{A1938030-938A-44E3-BC88-0323651E99B7}.Release|Any CPU.ActiveCfg = Release|Any CPU
		{A1938030-938A-44E3-BC88-0323651E99B7}.Release|Any CPU.Build.0 = Release|Any CPU
		{B30BB39A-7A31-4B09-B06D-2CA3514C6A65}.Debug|Any CPU.ActiveCfg = Debug|Any CPU
		{B30BB39A-7A31-4B09-B06D-2CA3514C6A65}.Debug|Any CPU.Build.0 = Debug|Any CPU
		{B30BB39A-7A31-4B09-B06D-2CA3514C6A65}.Release|Any CPU.ActiveCfg = Release|Any CPU
		{B30BB39A-7A31-4B09-B06D-2CA3514C6A65}.Release|Any CPU.Build.0 = Release|Any CPU
		{86706D38-11DF-4C57-971B-2E98E5D65DBA}.Debug|Any CPU.ActiveCfg = Debug|Any CPU
		{86706D38-11DF-4C57-971B-2E98E5D65DBA}.Debug|Any CPU.Build.0 = Debug|Any CPU
		{86706D38-11DF-4C57-971B-2E98E5D65DBA}.Release|Any CPU.ActiveCfg = Release|Any CPU
		{86706D38-11DF-4C57-971B-2E98E5D65DBA}.Release|Any CPU.Build.0 = Release|Any CPU
	EndGlobalSection
	GlobalSection(SolutionProperties) = preSolution
		HideSolutionNode = FALSE
	EndGlobalSection
	GlobalSection(ExtensibilityGlobals) = postSolution
		SolutionGuid = {286ED577-6313-4FB4-A949-453BA47371A2}
	EndGlobalSection
EndGlobal
