
Microsoft Visual Studio Solution File, Format Version 12.00
# Visual Studio Version 17
VisualStudioVersion = 17.1.32210.238
MinimumVisualStudioVersion = 10.0.40219.1
Project("{FAE04EC0-301F-11D3-BF4B-00C04F79EFBC}") = "HttpClientDemo", "HttpClientDemo\HttpClientDemo.csproj", "{559158D4-4372-4052-A32A-749B07918CBE}"
EndProject
Global
	GlobalSection(SolutionConfigurationPlatforms) = preSolution
		Debug|Any CPU = Debug|Any CPU
		Release|Any CPU = Release|Any CPU
	EndGlobalSection
	GlobalSection(ProjectConfigurationPlatforms) = postSolution
		{559158D4-4372-4052-A32A-749B07918CBE}.Debug|Any CPU.ActiveCfg = Debug|Any CPU
		{559158D4-4372-4052-A32A-749B07918CBE}.Debug|Any CPU.Build.0 = Debug|Any CPU
		{559158D4-4372-4052-A32A-749B07918CBE}.Release|Any CPU.ActiveCfg = Release|Any CPU
		{559158D4-4372-4052-A32A-749B07918CBE}.Release|Any CPU.Build.0 = Release|Any CPU
	EndGlobalSection
	GlobalSection(SolutionProperties) = preSolution
		HideSolutionNode = FALSE
	EndGlobalSection
	GlobalSection(ExtensibilityGlobals) = postSolution
		SolutionGuid = {634445B6-53F4-4D33-8118-F0050934D8D5}
	EndGlobalSection
EndGlobal
