
Microsoft Visual Studio Solution File, Format Version 12.00
# Visual Studio Version 17
VisualStudioVersion = 17.0.31919.166
MinimumVisualStudioVersion = 10.0.40219.1
Project("{9A19103F-16F7-4668-BE54-9A1E7A4F7556}") = "PetStore.Models", "PetStore.Models\PetStore.Models.csproj", "{5A3CD9CB-4B91-4AE2-A47B-178B83197677}"
EndProject
Project("{9A19103F-16F7-4668-BE54-9A1E7A4F7556}") = "PetStore.Data", "PetStore.Data\PetStore.Data.csproj", "{9572C177-F11B-49A8-9DCA-B49FD9C20105}"
EndProject
Project("{9A19103F-16F7-4668-BE54-9A1E7A4F7556}") = "PetStore.Common", "PetStore.Common\PetStore.Common.csproj", "{37B98855-11C2-40D5-88E2-1DD07A9343B4}"
EndProject
Project("{FAE04EC0-301F-11D3-BF4B-00C04F79EFBC}") = "PetStore.ConsoleApplication", "PetStore.ConsoleApplication\PetStore.ConsoleApplication.csproj", "{8D056572-F853-4F24-A0FD-3773A6274804}"
EndProject
Global
	GlobalSection(SolutionConfigurationPlatforms) = preSolution
		Debug|Any CPU = Debug|Any CPU
		Release|Any CPU = Release|Any CPU
	EndGlobalSection
	GlobalSection(ProjectConfigurationPlatforms) = postSolution
		{5A3CD9CB-4B91-4AE2-A47B-178B83197677}.Debug|Any CPU.ActiveCfg = Debug|Any CPU
		{5A3CD9CB-4B91-4AE2-A47B-178B83197677}.Debug|Any CPU.Build.0 = Debug|Any CPU
		{5A3CD9CB-4B91-4AE2-A47B-178B83197677}.Release|Any CPU.ActiveCfg = Release|Any CPU
		{5A3CD9CB-4B91-4AE2-A47B-178B83197677}.Release|Any CPU.Build.0 = Release|Any CPU
		{9572C177-F11B-49A8-9DCA-B49FD9C20105}.Debug|Any CPU.ActiveCfg = Debug|Any CPU
		{9572C177-F11B-49A8-9DCA-B49FD9C20105}.Debug|Any CPU.Build.0 = Debug|Any CPU
		{9572C177-F11B-49A8-9DCA-B49FD9C20105}.Release|Any CPU.ActiveCfg = Release|Any CPU
		{9572C177-F11B-49A8-9DCA-B49FD9C20105}.Release|Any CPU.Build.0 = Release|Any CPU
		{37B98855-11C2-40D5-88E2-1DD07A9343B4}.Debug|Any CPU.ActiveCfg = Debug|Any CPU
		{37B98855-11C2-40D5-88E2-1DD07A9343B4}.Debug|Any CPU.Build.0 = Debug|Any CPU
		{37B98855-11C2-40D5-88E2-1DD07A9343B4}.Release|Any CPU.ActiveCfg = Release|Any CPU
		{37B98855-11C2-40D5-88E2-1DD07A9343B4}.Release|Any CPU.Build.0 = Release|Any CPU
		{8D056572-F853-4F24-A0FD-3773A6274804}.Debug|Any CPU.ActiveCfg = Debug|Any CPU
		{8D056572-F853-4F24-A0FD-3773A6274804}.Debug|Any CPU.Build.0 = Debug|Any CPU
		{8D056572-F853-4F24-A0FD-3773A6274804}.Release|Any CPU.ActiveCfg = Release|Any CPU
		{8D056572-F853-4F24-A0FD-3773A6274804}.Release|Any CPU.Build.0 = Release|Any CPU
	EndGlobalSection
	GlobalSection(SolutionProperties) = preSolution
		HideSolutionNode = FALSE
	EndGlobalSection
	GlobalSection(ExtensibilityGlobals) = postSolution
		SolutionGuid = {60927C6A-4739-4100-BFB5-2BE085045BEF}
	EndGlobalSection
EndGlobal
