
Microsoft Visual Studio Solution File, Format Version 12.00
# Visual Studio Version 16
VisualStudioVersion = 16.0.31005.135
MinimumVisualStudioVersion = 10.0.40219.1
Project("{FAE04EC0-301F-11D3-BF4B-00C04F79EFBC}") = "PrimeNumbers", "PrimeNumbers\PrimeNumbers.csproj", "{C97684A7-EE11-457D-89C1-3E90AA2AF088}"
EndProject
Project("{FAE04EC0-301F-11D3-BF4B-00C04F79EFBC}") = "1-100 while", "1-100 while\1-100 while.csproj", "{7A3C6924-736F-47A5-BE82-66EFC385F71F}"
EndProject
Project("{FAE04EC0-301F-11D3-BF4B-00C04F79EFBC}") = "production", "production\production.csproj", "{725BBBCD-F4E9-4B68-BB6E-B6E539E8A6F0}"
EndProject
Project("{FAE04EC0-301F-11D3-BF4B-00C04F79EFBC}") = "Which-is-Number1-100", "Which-is-Number1-100\Which-is-Number1-100.csproj", "{D9753717-DBAC-45C1-AA03-25B4EB7015ED}"
EndProject
Project("{2150E333-8FDC-42A3-9474-1A3956D46DE8}") = "5.05.2021", "5.05.2021", "{F5C12226-A6DE-408A-9168-3A23D09FA1BD}"
EndProject
Project("{2150E333-8FDC-42A3-9474-1A3956D46DE8}") = "12.05.2021", "12.05.2021", "{05AD417B-48A7-42D2-908D-8D4D8B4E0FB6}"
EndProject
Project("{FAE04EC0-301F-11D3-BF4B-00C04F79EFBC}") = "Pass-Length", "Pass-Length\Pass-Length.csproj", "{066DBE23-AAF0-4067-A581-8B8DC7610BC9}"
EndProject
Project("{FAE04EC0-301F-11D3-BF4B-00C04F79EFBC}") = "Taxi", "Taxi\Taxi.csproj", "{F75428E2-6672-4506-9E52-2A454100EAAF}"
EndProject
Global
	GlobalSection(SolutionConfigurationPlatforms) = preSolution
		Debug|Any CPU = Debug|Any CPU
		Release|Any CPU = Release|Any CPU
	EndGlobalSection
	GlobalSection(ProjectConfigurationPlatforms) = postSolution
		{C97684A7-EE11-457D-89C1-3E90AA2AF088}.Debug|Any CPU.ActiveCfg = Debug|Any CPU
		{C97684A7-EE11-457D-89C1-3E90AA2AF088}.Debug|Any CPU.Build.0 = Debug|Any CPU
		{C97684A7-EE11-457D-89C1-3E90AA2AF088}.Release|Any CPU.ActiveCfg = Release|Any CPU
		{C97684A7-EE11-457D-89C1-3E90AA2AF088}.Release|Any CPU.Build.0 = Release|Any CPU
		{7A3C6924-736F-47A5-BE82-66EFC385F71F}.Debug|Any CPU.ActiveCfg = Debug|Any CPU
		{7A3C6924-736F-47A5-BE82-66EFC385F71F}.Debug|Any CPU.Build.0 = Debug|Any CPU
		{7A3C6924-736F-47A5-BE82-66EFC385F71F}.Release|Any CPU.ActiveCfg = Release|Any CPU
		{7A3C6924-736F-47A5-BE82-66EFC385F71F}.Release|Any CPU.Build.0 = Release|Any CPU
		{725BBBCD-F4E9-4B68-BB6E-B6E539E8A6F0}.Debug|Any CPU.ActiveCfg = Debug|Any CPU
		{725BBBCD-F4E9-4B68-BB6E-B6E539E8A6F0}.Debug|Any CPU.Build.0 = Debug|Any CPU
		{725BBBCD-F4E9-4B68-BB6E-B6E539E8A6F0}.Release|Any CPU.ActiveCfg = Release|Any CPU
		{725BBBCD-F4E9-4B68-BB6E-B6E539E8A6F0}.Release|Any CPU.Build.0 = Release|Any CPU
		{D9753717-DBAC-45C1-AA03-25B4EB7015ED}.Debug|Any CPU.ActiveCfg = Debug|Any CPU
		{D9753717-DBAC-45C1-AA03-25B4EB7015ED}.Debug|Any CPU.Build.0 = Debug|Any CPU
		{D9753717-DBAC-45C1-AA03-25B4EB7015ED}.Release|Any CPU.ActiveCfg = Release|Any CPU
		{D9753717-DBAC-45C1-AA03-25B4EB7015ED}.Release|Any CPU.Build.0 = Release|Any CPU
		{066DBE23-AAF0-4067-A581-8B8DC7610BC9}.Debug|Any CPU.ActiveCfg = Debug|Any CPU
		{066DBE23-AAF0-4067-A581-8B8DC7610BC9}.Debug|Any CPU.Build.0 = Debug|Any CPU
		{066DBE23-AAF0-4067-A581-8B8DC7610BC9}.Release|Any CPU.ActiveCfg = Release|Any CPU
		{066DBE23-AAF0-4067-A581-8B8DC7610BC9}.Release|Any CPU.Build.0 = Release|Any CPU
		{F75428E2-6672-4506-9E52-2A454100EAAF}.Debug|Any CPU.ActiveCfg = Debug|Any CPU
		{F75428E2-6672-4506-9E52-2A454100EAAF}.Debug|Any CPU.Build.0 = Debug|Any CPU
		{F75428E2-6672-4506-9E52-2A454100EAAF}.Release|Any CPU.ActiveCfg = Release|Any CPU
		{F75428E2-6672-4506-9E52-2A454100EAAF}.Release|Any CPU.Build.0 = Release|Any CPU
	EndGlobalSection
	GlobalSection(SolutionProperties) = preSolution
		HideSolutionNode = FALSE
	EndGlobalSection
	GlobalSection(NestedProjects) = preSolution
		{C97684A7-EE11-457D-89C1-3E90AA2AF088} = {F5C12226-A6DE-408A-9168-3A23D09FA1BD}
		{7A3C6924-736F-47A5-BE82-66EFC385F71F} = {F5C12226-A6DE-408A-9168-3A23D09FA1BD}
		{725BBBCD-F4E9-4B68-BB6E-B6E539E8A6F0} = {F5C12226-A6DE-408A-9168-3A23D09FA1BD}
		{D9753717-DBAC-45C1-AA03-25B4EB7015ED} = {F5C12226-A6DE-408A-9168-3A23D09FA1BD}
		{066DBE23-AAF0-4067-A581-8B8DC7610BC9} = {05AD417B-48A7-42D2-908D-8D4D8B4E0FB6}
	EndGlobalSection
	GlobalSection(ExtensibilityGlobals) = postSolution
		SolutionGuid = {2E841C56-FD26-4462-9AB1-A5C9A5D29683}
	EndGlobalSection
EndGlobal
