
Microsoft Visual Studio Solution File, Format Version 12.00
# Visual Studio Version 17
VisualStudioVersion = 17.0.31919.166
MinimumVisualStudioVersion = 10.0.40219.1
Project("{9A19103F-16F7-4668-BE54-9A1E7A4F7556}") = "01.SortPeople", "SortPeople\01.SortPeople.csproj", "{2C1AAE04-5C84-40A5-B82D-F8A2EE0E4A66}"
EndProject
Project("{9A19103F-16F7-4668-BE54-9A1E7A4F7556}") = "02.IncreseSalary", "IncreseSalary\02.IncreseSalary.csproj", "{1DB0893A-7942-4224-B4E6-B0C70A2A560F}"
EndProject
Project("{9A19103F-16F7-4668-BE54-9A1E7A4F7556}") = "04.MainAndReservedTeam", "MainAndReservedTeam\04.MainAndReservedTeam.csproj", "{753ED0DD-5D18-49AF-8C3B-1CAC4384A5EC}"
EndProject
Global
	GlobalSection(SolutionConfigurationPlatforms) = preSolution
		Debug|Any CPU = Debug|Any CPU
		Release|Any CPU = Release|Any CPU
	EndGlobalSection
	GlobalSection(ProjectConfigurationPlatforms) = postSolution
		{2C1AAE04-5C84-40A5-B82D-F8A2EE0E4A66}.Debug|Any CPU.ActiveCfg = Debug|Any CPU
		{2C1AAE04-5C84-40A5-B82D-F8A2EE0E4A66}.Debug|Any CPU.Build.0 = Debug|Any CPU
		{2C1AAE04-5C84-40A5-B82D-F8A2EE0E4A66}.Release|Any CPU.ActiveCfg = Release|Any CPU
		{2C1AAE04-5C84-40A5-B82D-F8A2EE0E4A66}.Release|Any CPU.Build.0 = Release|Any CPU
		{1DB0893A-7942-4224-B4E6-B0C70A2A560F}.Debug|Any CPU.ActiveCfg = Debug|Any CPU
		{1DB0893A-7942-4224-B4E6-B0C70A2A560F}.Debug|Any CPU.Build.0 = Debug|Any CPU
		{1DB0893A-7942-4224-B4E6-B0C70A2A560F}.Release|Any CPU.ActiveCfg = Release|Any CPU
		{1DB0893A-7942-4224-B4E6-B0C70A2A560F}.Release|Any CPU.Build.0 = Release|Any CPU
		{753ED0DD-5D18-49AF-8C3B-1CAC4384A5EC}.Debug|Any CPU.ActiveCfg = Debug|Any CPU
		{753ED0DD-5D18-49AF-8C3B-1CAC4384A5EC}.Debug|Any CPU.Build.0 = Debug|Any CPU
		{753ED0DD-5D18-49AF-8C3B-1CAC4384A5EC}.Release|Any CPU.ActiveCfg = Release|Any CPU
		{753ED0DD-5D18-49AF-8C3B-1CAC4384A5EC}.Release|Any CPU.Build.0 = Release|Any CPU
	EndGlobalSection
	GlobalSection(SolutionProperties) = preSolution
		HideSolutionNode = FALSE
	EndGlobalSection
	GlobalSection(ExtensibilityGlobals) = postSolution
		SolutionGuid = {C648A8C3-8A4B-47C7-9628-A013375EAFD6}
	EndGlobalSection
EndGlobal
