
Microsoft Visual Studio Solution File, Format Version 12.00
# Visual Studio Version 17
VisualStudioVersion = 17.0.32112.339
MinimumVisualStudioVersion = 10.0.40219.1
Project("{9A19103F-16F7-4668-BE54-9A1E7A4F7556}") = "P01.Bellman-Ford", "P01.Bellman-Ford\P01.Bellman-Ford.csproj", "{C901B933-2292-46AB-8A03-AF818B0D6BAC}"
EndProject
Project("{FAE04EC0-301F-11D3-BF4B-00C04F79EFBC}") = "P02.LongestPath", "P02.LongestPath\P02.LongestPath.csproj", "{FE1D601C-D852-4133-9501-659E4EFB8AD4}"
EndProject
Global
	GlobalSection(SolutionConfigurationPlatforms) = preSolution
		Debug|Any CPU = Debug|Any CPU
		Release|Any CPU = Release|Any CPU
	EndGlobalSection
	GlobalSection(ProjectConfigurationPlatforms) = postSolution
		{C901B933-2292-46AB-8A03-AF818B0D6BAC}.Debug|Any CPU.ActiveCfg = Debug|Any CPU
		{C901B933-2292-46AB-8A03-AF818B0D6BAC}.Debug|Any CPU.Build.0 = Debug|Any CPU
		{C901B933-2292-46AB-8A03-AF818B0D6BAC}.Release|Any CPU.ActiveCfg = Release|Any CPU
		{C901B933-2292-46AB-8A03-AF818B0D6BAC}.Release|Any CPU.Build.0 = Release|Any CPU
		{FE1D601C-D852-4133-9501-659E4EFB8AD4}.Debug|Any CPU.ActiveCfg = Debug|Any CPU
		{FE1D601C-D852-4133-9501-659E4EFB8AD4}.Debug|Any CPU.Build.0 = Debug|Any CPU
		{FE1D601C-D852-4133-9501-659E4EFB8AD4}.Release|Any CPU.ActiveCfg = Release|Any CPU
		{FE1D601C-D852-4133-9501-659E4EFB8AD4}.Release|Any CPU.Build.0 = Release|Any CPU
	EndGlobalSection
	GlobalSection(SolutionProperties) = preSolution
		HideSolutionNode = FALSE
	EndGlobalSection
	GlobalSection(ExtensibilityGlobals) = postSolution
		SolutionGuid = {B8F4F8D6-8272-461A-A4C9-2E6EFAD6B692}
	EndGlobalSection
EndGlobal
