
Microsoft Visual Studio Solution File, Format Version 12.00
# Visual Studio Version 17
VisualStudioVersion = 17.2.32602.215
MinimumVisualStudioVersion = 10.0.40219.1
Project("{FAE04EC0-301F-11D3-BF4B-00C04F79EFBC}") = "RazorPagesExample", "RazorPagesExample\RazorPagesExample.csproj", "{5BFC68C5-32AE-4741-A60F-FB90181E8194}"
EndProject
Project("{FAE04EC0-301F-11D3-BF4B-00C04F79EFBC}") = "Forum", "Forum\Forum.csproj", "{9B94B6AF-06E2-416E-B4B1-CAA7FEEB3435}"
EndProject
Global
	GlobalSection(SolutionConfigurationPlatforms) = preSolution
		Debug|Any CPU = Debug|Any CPU
		Release|Any CPU = Release|Any CPU
	EndGlobalSection
	GlobalSection(ProjectConfigurationPlatforms) = postSolution
		{5BFC68C5-32AE-4741-A60F-FB90181E8194}.Debug|Any CPU.ActiveCfg = Debug|Any CPU
		{5BFC68C5-32AE-4741-A60F-FB90181E8194}.Debug|Any CPU.Build.0 = Debug|Any CPU
		{5BFC68C5-32AE-4741-A60F-FB90181E8194}.Release|Any CPU.ActiveCfg = Release|Any CPU
		{5BFC68C5-32AE-4741-A60F-FB90181E8194}.Release|Any CPU.Build.0 = Release|Any CPU
		{9B94B6AF-06E2-416E-B4B1-CAA7FEEB3435}.Debug|Any CPU.ActiveCfg = Debug|Any CPU
		{9B94B6AF-06E2-416E-B4B1-CAA7FEEB3435}.Debug|Any CPU.Build.0 = Debug|Any CPU
		{9B94B6AF-06E2-416E-B4B1-CAA7FEEB3435}.Release|Any CPU.ActiveCfg = Release|Any CPU
		{9B94B6AF-06E2-416E-B4B1-CAA7FEEB3435}.Release|Any CPU.Build.0 = Release|Any CPU
	EndGlobalSection
	GlobalSection(SolutionProperties) = preSolution
		HideSolutionNode = FALSE
	EndGlobalSection
	GlobalSection(ExtensibilityGlobals) = postSolution
		SolutionGuid = {690EA8C3-53F4-4AAC-8DFA-9DF9AC5865C3}
	EndGlobalSection
EndGlobal
