
Microsoft Visual Studio Solution File, Format Version 12.00
# Visual Studio Version 17
VisualStudioVersion = 17.0.31919.166
MinimumVisualStudioVersion = 10.0.40219.1
Project("{FAE04EC0-301F-11D3-BF4B-00C04F79EFBC}") = "Demo", "Demo\Demo.csproj", "{865A0501-F18D-42C6-9B96-5B0C244988FE}"
EndProject
Global
	GlobalSection(SolutionConfigurationPlatforms) = preSolution
		Debug|Any CPU = Debug|Any CPU
		Release|Any CPU = Release|Any CPU
	EndGlobalSection
	GlobalSection(ProjectConfigurationPlatforms) = postSolution
		{865A0501-F18D-42C6-9B96-5B0C244988FE}.Debug|Any CPU.ActiveCfg = Debug|Any CPU
		{865A0501-F18D-42C6-9B96-5B0C244988FE}.Debug|Any CPU.Build.0 = Debug|Any CPU
		{865A0501-F18D-42C6-9B96-5B0C244988FE}.Release|Any CPU.ActiveCfg = Release|Any CPU
		{865A0501-F18D-42C6-9B96-5B0C244988FE}.Release|Any CPU.Build.0 = Release|Any CPU
	EndGlobalSection
	GlobalSection(SolutionProperties) = preSolution
		HideSolutionNode = FALSE
	EndGlobalSection
	GlobalSection(ExtensibilityGlobals) = postSolution
		SolutionGuid = {43350931-81E6-4A6B-BA1A-E2B5372478B6}
	EndGlobalSection
EndGlobal
